// !$*UTF8*$!
{
	archiveVersion = 1;
	classes = {
	};
	objectVersion = 46;
	objects = {

/* Begin PBXBuildFile section */
		58001D842DCBFB8481B31204 /* libPods-Sync2.a in Frameworks */ = {isa = PBXBuildFile; fileRef = 9D03816FF72873E2FF7D5C5B /* libPods-Sync2.a */; };
		997E4336B252968CFF9C832F /* libPods-Sync2Tests.a in Frameworks */ = {isa = PBXBuildFile; fileRef = 894FBF645A04BBF448E4B5C9 /* libPods-Sync2Tests.a */; };
		E90371401EE89ABE0033DED0 /* AccountDetailTableViewController.m in Sources */ = {isa = PBXBuildFile; fileRef = E903713F1EE89ABE0033DED0 /* AccountDetailTableViewController.m */; };
		E90371441EE89B1E0033DED0 /* Account.m in Sources */ = {isa = PBXBuildFile; fileRef = E90371431EE89B1E0033DED0 /* Account.m */; };
		E90371481EE8B6110033DED0 /* ListTableViewController.m in Sources */ = {isa = PBXBuildFile; fileRef = E90371471EE8B6110033DED0 /* ListTableViewController.m */; };
		E903714C1EE8B6E10033DED0 /* NetworkManager.m in Sources */ = {isa = PBXBuildFile; fileRef = E903714B1EE8B6E10033DED0 /* NetworkManager.m */; };
		E90371521EE8B7DF0033DED0 /* TestNetworkInterface.m in Sources */ = {isa = PBXBuildFile; fileRef = E90371511EE8B7DF0033DED0 /* TestNetworkInterface.m */; };
		E9128183200FDD1F0003072B /* TextViewTableViewCell.m in Sources */ = {isa = PBXBuildFile; fileRef = E9128182200FDD1F0003072B /* TextViewTableViewCell.m */; };
		E9128187201008BA0003072B /* SenseAPI.m in Sources */ = {isa = PBXBuildFile; fileRef = E9128186201008BA0003072B /* SenseAPI.m */; };
		E912818B20100B310003072B /* DummyChannelData.m in Sources */ = {isa = PBXBuildFile; fileRef = E912818A20100B310003072B /* DummyChannelData.m */; };
		E928BB2E20210C1A0002C59E /* Landmark.m in Sources */ = {isa = PBXBuildFile; fileRef = E928BB2D20210C1A0002C59E /* Landmark.m */; };
		E9352479201FC9FE008D4F19 /* SetupInfoViewController.m in Sources */ = {isa = PBXBuildFile; fileRef = E9352478201FC9FE008D4F19 /* SetupInfoViewController.m */; };
		E9352481201FD301008D4F19 /* LoginViewController.m in Sources */ = {isa = PBXBuildFile; fileRef = E9352480201FD301008D4F19 /* LoginViewController.m */; };
		E9352485201FF050008D4F19 /* SGToken.m in Sources */ = {isa = PBXBuildFile; fileRef = E9352484201FF050008D4F19 /* SGToken.m */; };
		E93C3F061EDDE9EC00F27619 /* PermissionPageController.m in Sources */ = {isa = PBXBuildFile; fileRef = E93C3F051EDDE9EC00F27619 /* PermissionPageController.m */; };
		E93C3F0A1EDDEEE300F27619 /* LocationPermissionViewController.m in Sources */ = {isa = PBXBuildFile; fileRef = E93C3F091EDDEEE300F27619 /* LocationPermissionViewController.m */; };
		E943D3E82012C27800882D09 /* DummyProjectData.m in Sources */ = {isa = PBXBuildFile; fileRef = E943D3E72012C27800882D09 /* DummyProjectData.m */; };
		E943D3EC2012CC0700882D09 /* DummyMapData.m in Sources */ = {isa = PBXBuildFile; fileRef = E943D3EB2012CC0700882D09 /* DummyMapData.m */; };
		E9485EA920194DA800B553E2 /* DummyRulesData.m in Sources */ = {isa = PBXBuildFile; fileRef = E9485EA820194DA800B553E2 /* DummyRulesData.m */; };
		E9485EAD20194DB600B553E2 /* Rule.m in Sources */ = {isa = PBXBuildFile; fileRef = E9485EAC20194DB600B553E2 /* Rule.m */; };
		E9518B542017EF9E001818CC /* Project.m in Sources */ = {isa = PBXBuildFile; fileRef = E9518B532017EF9E001818CC /* Project.m */; };
		E9518B572017EFA6001818CC /* DataChannel.m in Sources */ = {isa = PBXBuildFile; fileRef = E9518B562017EFA6001818CC /* DataChannel.m */; };
		E9518B5B2017F0C8001818CC /* DummySettingsData.m in Sources */ = {isa = PBXBuildFile; fileRef = E9518B5A2017F0C8001818CC /* DummySettingsData.m */; };
		E9518B5F2018026B001818CC /* DummyNotificationData.m in Sources */ = {isa = PBXBuildFile; fileRef = E9518B5E2018026B001818CC /* DummyNotificationData.m */; };
		E9518B64201802F9001818CC /* TextNotification.m in Sources */ = {isa = PBXBuildFile; fileRef = E9518B63201802F9001818CC /* TextNotification.m */; };
		E95B9DC11F609481007943CA /* TextFieldTableViewCell.m in Sources */ = {isa = PBXBuildFile; fileRef = E95B9DC01F609481007943CA /* TextFieldTableViewCell.m */; };
		E95F58261EE61E57000562FC /* MotionPermissionViewController.m in Sources */ = {isa = PBXBuildFile; fileRef = E95F58251EE61E57000562FC /* MotionPermissionViewController.m */; };
		E95F582A1EE61E7B000562FC /* CameraPermissionViewController.m in Sources */ = {isa = PBXBuildFile; fileRef = E95F58291EE61E7B000562FC /* CameraPermissionViewController.m */; };
		E95F582E1EE61EA3000562FC /* PushPermissionViewController.m in Sources */ = {isa = PBXBuildFile; fileRef = E95F582D1EE61EA3000562FC /* PushPermissionViewController.m */; };
		E95F58321EE88258000562FC /* SettingsManager.m in Sources */ = {isa = PBXBuildFile; fileRef = E95F58311EE88258000562FC /* SettingsManager.m */; };
		E962B34D1EF1F42A00ECB920 /* SwitchCell.m in Sources */ = {isa = PBXBuildFile; fileRef = E962B34C1EF1F42A00ECB920 /* SwitchCell.m */; };
		E962B3511EF1FB2600ECB920 /* LogViewController.m in Sources */ = {isa = PBXBuildFile; fileRef = E962B3501EF1FB2600ECB920 /* LogViewController.m */; };
		E962B3561EF1FDC400ECB920 /* SDKManager.m in Sources */ = {isa = PBXBuildFile; fileRef = E962B3551EF1FDC400ECB920 /* SDKManager.m */; };
		E962B3621EF213ED00ECB920 /* CoreLocation.framework in Frameworks */ = {isa = PBXBuildFile; fileRef = E962B3611EF213ED00ECB920 /* CoreLocation.framework */; };
		E962B3641EF2140800ECB920 /* UserNotifications.framework in Frameworks */ = {isa = PBXBuildFile; fileRef = E962B3631EF2140800ECB920 /* UserNotifications.framework */; };
		E962B36D1EF2EEB300ECB920 /* AVFoundation.framework in Frameworks */ = {isa = PBXBuildFile; fileRef = E962B36C1EF2EEB300ECB920 /* AVFoundation.framework */; };
		E962B36F1EF2F45000ECB920 /* CoreMotion.framework in Frameworks */ = {isa = PBXBuildFile; fileRef = E962B36E1EF2F45000ECB920 /* CoreMotion.framework */; };
		E966682B20082743006911C3 /* MasterTabViewController.m in Sources */ = {isa = PBXBuildFile; fileRef = E966682A20082743006911C3 /* MasterTabViewController.m */; };
		E97A204D2023D10900FDB7B2 /* NotificationManager.m in Sources */ = {isa = PBXBuildFile; fileRef = E97A204C2023D10900FDB7B2 /* NotificationManager.m */; };
		E98430BC20169E5A00F11887 /* MapSettingsTableViewController.m in Sources */ = {isa = PBXBuildFile; fileRef = E98430BB20169E5A00F11887 /* MapSettingsTableViewController.m */; };
		E9A3C2A81ED5FD1500A938CB /* main.m in Sources */ = {isa = PBXBuildFile; fileRef = E9A3C2A71ED5FD1500A938CB /* main.m */; };
		E9A3C2AB1ED5FD1500A938CB /* AppDelegate.m in Sources */ = {isa = PBXBuildFile; fileRef = E9A3C2AA1ED5FD1500A938CB /* AppDelegate.m */; };
		E9A3C2B11ED5FD1500A938CB /* Main.storyboard in Resources */ = {isa = PBXBuildFile; fileRef = E9A3C2AF1ED5FD1500A938CB /* Main.storyboard */; };
		E9A3C2B31ED5FD1500A938CB /* Assets.xcassets in Resources */ = {isa = PBXBuildFile; fileRef = E9A3C2B21ED5FD1500A938CB /* Assets.xcassets */; };
		E9A3C2B61ED5FD1500A938CB /* LaunchScreen.storyboard in Resources */ = {isa = PBXBuildFile; fileRef = E9A3C2B41ED5FD1500A938CB /* LaunchScreen.storyboard */; };
		E9A3C2C11ED5FD1500A938CB /* Sync2Tests.m in Sources */ = {isa = PBXBuildFile; fileRef = E9A3C2C01ED5FD1500A938CB /* Sync2Tests.m */; };
		E9A3C2D71ED6101100A938CB /* Lato-Black.ttf in Resources */ = {isa = PBXBuildFile; fileRef = E9A3C2CD1ED6101100A938CB /* Lato-Black.ttf */; };
		E9A3C2D81ED6101100A938CB /* Lato-BlackItalic.ttf in Resources */ = {isa = PBXBuildFile; fileRef = E9A3C2CE1ED6101100A938CB /* Lato-BlackItalic.ttf */; };
		E9A3C2D91ED6101100A938CB /* Lato-Bold.ttf in Resources */ = {isa = PBXBuildFile; fileRef = E9A3C2CF1ED6101100A938CB /* Lato-Bold.ttf */; };
		E9A3C2DA1ED6101100A938CB /* Lato-BoldItalic.ttf in Resources */ = {isa = PBXBuildFile; fileRef = E9A3C2D01ED6101100A938CB /* Lato-BoldItalic.ttf */; };
		E9A3C2DB1ED6101100A938CB /* Lato-Hairline.ttf in Resources */ = {isa = PBXBuildFile; fileRef = E9A3C2D11ED6101100A938CB /* Lato-Hairline.ttf */; };
		E9A3C2DC1ED6101100A938CB /* Lato-HairlineItalic.ttf in Resources */ = {isa = PBXBuildFile; fileRef = E9A3C2D21ED6101100A938CB /* Lato-HairlineItalic.ttf */; };
		E9A3C2DD1ED6101100A938CB /* Lato-Italic.ttf in Resources */ = {isa = PBXBuildFile; fileRef = E9A3C2D31ED6101100A938CB /* Lato-Italic.ttf */; };
		E9A3C2DE1ED6101100A938CB /* Lato-Light.ttf in Resources */ = {isa = PBXBuildFile; fileRef = E9A3C2D41ED6101100A938CB /* Lato-Light.ttf */; };
		E9A3C2DF1ED6101100A938CB /* Lato-LightItalic.ttf in Resources */ = {isa = PBXBuildFile; fileRef = E9A3C2D51ED6101100A938CB /* Lato-LightItalic.ttf */; };
		E9A3C2E01ED6101100A938CB /* Lato-Regular.ttf in Resources */ = {isa = PBXBuildFile; fileRef = E9A3C2D61ED6101100A938CB /* Lato-Regular.ttf */; };
		E9A3C2EB1ED780CC00A938CB /* WelcomeViewController.m in Sources */ = {isa = PBXBuildFile; fileRef = E9A3C2EA1ED780CC00A938CB /* WelcomeViewController.m */; };
		E9A3C2FA1EDBA08500A938CB /* AccountsTableViewController.m in Sources */ = {isa = PBXBuildFile; fileRef = E9A3C2F91EDBA08500A938CB /* AccountsTableViewController.m */; };
		E9B76D3B200D31940095030C /* MapViewController.m in Sources */ = {isa = PBXBuildFile; fileRef = E9B76D3A200D31940095030C /* MapViewController.m */; };
		E9B76D3F200D31E30095030C /* NotificationsTableViewController.m in Sources */ = {isa = PBXBuildFile; fileRef = E9B76D3E200D31E30095030C /* NotificationsTableViewController.m */; };
		E9B76D43200D32580095030C /* RulesTableViewController.m in Sources */ = {isa = PBXBuildFile; fileRef = E9B76D42200D32580095030C /* RulesTableViewController.m */; };
		E9B76D47200D35BB0095030C /* LogDayTableViewController.m in Sources */ = {isa = PBXBuildFile; fileRef = E9B76D46200D35BB0095030C /* LogDayTableViewController.m */; };
		E9B76D4B200D37B90095030C /* RuleDetailTableViewController.m in Sources */ = {isa = PBXBuildFile; fileRef = E9B76D4A200D37B90095030C /* RuleDetailTableViewController.m */; };
		E9B76D4F200D4E580095030C /* SettingsTableViewController.m in Sources */ = {isa = PBXBuildFile; fileRef = E9B76D4E200D4E580095030C /* SettingsTableViewController.m */; };
		E9B76D5B200D4F450095030C /* ProjectSelectionViewController.m in Sources */ = {isa = PBXBuildFile; fileRef = E9B76D5A200D4F450095030C /* ProjectSelectionViewController.m */; };
		E9B76D5F200D4F5F0095030C /* DataChannelSelectionViewController.m in Sources */ = {isa = PBXBuildFile; fileRef = E9B76D5E200D4F5F0095030C /* DataChannelSelectionViewController.m */; };
		E9CCF4C51EF1E78200BF96C6 /* QRCameraSwitchButton.m in Sources */ = {isa = PBXBuildFile; fileRef = E9CCF4BB1EF1E78200BF96C6 /* QRCameraSwitchButton.m */; };
		E9CCF4C61EF1E78200BF96C6 /* QRCodeReader.m in Sources */ = {isa = PBXBuildFile; fileRef = E9CCF4BD1EF1E78200BF96C6 /* QRCodeReader.m */; };
		E9CCF4C71EF1E78200BF96C6 /* QRCodeReaderView.m in Sources */ = {isa = PBXBuildFile; fileRef = E9CCF4C01EF1E78200BF96C6 /* QRCodeReaderView.m */; };
		E9CCF4C81EF1E78200BF96C6 /* QRCodeReaderViewController.m in Sources */ = {isa = PBXBuildFile; fileRef = E9CCF4C21EF1E78200BF96C6 /* QRCodeReaderViewController.m */; };
		E9CCF4C91EF1E78200BF96C6 /* QRToggleTorchButton.m in Sources */ = {isa = PBXBuildFile; fileRef = E9CCF4C41EF1E78200BF96C6 /* QRToggleTorchButton.m */; };
		E9D0A3671F3258CA00E7776C /* MapMarkerViewController.m in Sources */ = {isa = PBXBuildFile; fileRef = E9D0A3661F3258CA00E7776C /* MapMarkerViewController.m */; };
		E9DC1A67203F62DC00186B4C /* SixgillSDK.framework in Frameworks */ = {isa = PBXBuildFile; fileRef = E9DC1A66203F62DC00186B4C /* SixgillSDK.framework */; };
		E9F0A29420240B41007B7711 /* APIKey.m in Sources */ = {isa = PBXBuildFile; fileRef = E9F0A29320240B41007B7711 /* APIKey.m */; };
/* End PBXBuildFile section */

/* Begin PBXContainerItemProxy section */
		E9A3C2BD1ED5FD1500A938CB /* PBXContainerItemProxy */ = {
			isa = PBXContainerItemProxy;
			containerPortal = E9A3C29B1ED5FD1500A938CB /* Project object */;
			proxyType = 1;
			remoteGlobalIDString = E9A3C2A21ED5FD1500A938CB;
			remoteInfo = Sync2;
		};
/* End PBXContainerItemProxy section */

/* Begin PBXCopyFilesBuildPhase section */
		E9DAECF0203625720073E8D9 /* Embed Frameworks */ = {
			isa = PBXCopyFilesBuildPhase;
			buildActionMask = 2147483647;
			dstPath = "";
			dstSubfolderSpec = 10;
			files = (
			);
			name = "Embed Frameworks";
			runOnlyForDeploymentPostprocessing = 0;
		};
/* End PBXCopyFilesBuildPhase section */

/* Begin PBXFileReference section */
		1DA5955D2EF0589B2AC4F739 /* Pods-Sync2Tests.debug.xcconfig */ = {isa = PBXFileReference; includeInIndex = 1; lastKnownFileType = text.xcconfig; name = "Pods-Sync2Tests.debug.xcconfig"; path = "Pods/Target Support Files/Pods-Sync2Tests/Pods-Sync2Tests.debug.xcconfig"; sourceTree = "<group>"; };
		2DB0C3E88E97E1E5750C48B5 /* Pods-Sync2Tests.release.xcconfig */ = {isa = PBXFileReference; includeInIndex = 1; lastKnownFileType = text.xcconfig; name = "Pods-Sync2Tests.release.xcconfig"; path = "Pods/Target Support Files/Pods-Sync2Tests/Pods-Sync2Tests.release.xcconfig"; sourceTree = "<group>"; };
		894FBF645A04BBF448E4B5C9 /* libPods-Sync2Tests.a */ = {isa = PBXFileReference; explicitFileType = archive.ar; includeInIndex = 0; path = "libPods-Sync2Tests.a"; sourceTree = BUILT_PRODUCTS_DIR; };
		9D03816FF72873E2FF7D5C5B /* libPods-Sync2.a */ = {isa = PBXFileReference; explicitFileType = archive.ar; includeInIndex = 0; path = "libPods-Sync2.a"; sourceTree = BUILT_PRODUCTS_DIR; };
		E6011B6B43DBF0AC7C6C0493 /* Pods-Sync2.debug.xcconfig */ = {isa = PBXFileReference; includeInIndex = 1; lastKnownFileType = text.xcconfig; name = "Pods-Sync2.debug.xcconfig"; path = "Pods/Target Support Files/Pods-Sync2/Pods-Sync2.debug.xcconfig"; sourceTree = "<group>"; };
		E903713E1EE89ABE0033DED0 /* AccountDetailTableViewController.h */ = {isa = PBXFileReference; fileEncoding = 4; lastKnownFileType = sourcecode.c.h; path = AccountDetailTableViewController.h; sourceTree = "<group>"; };
		E903713F1EE89ABE0033DED0 /* AccountDetailTableViewController.m */ = {isa = PBXFileReference; fileEncoding = 4; lastKnownFileType = sourcecode.c.objc; path = AccountDetailTableViewController.m; sourceTree = "<group>"; };
		E90371421EE89B1E0033DED0 /* Account.h */ = {isa = PBXFileReference; fileEncoding = 4; lastKnownFileType = sourcecode.c.h; path = Account.h; sourceTree = "<group>"; };
		E90371431EE89B1E0033DED0 /* Account.m */ = {isa = PBXFileReference; fileEncoding = 4; lastKnownFileType = sourcecode.c.objc; path = Account.m; sourceTree = "<group>"; };
		E90371461EE8B6110033DED0 /* ListTableViewController.h */ = {isa = PBXFileReference; fileEncoding = 4; lastKnownFileType = sourcecode.c.h; path = ListTableViewController.h; sourceTree = "<group>"; };
		E90371471EE8B6110033DED0 /* ListTableViewController.m */ = {isa = PBXFileReference; fileEncoding = 4; lastKnownFileType = sourcecode.c.objc; path = ListTableViewController.m; sourceTree = "<group>"; };
		E903714A1EE8B6E10033DED0 /* NetworkManager.h */ = {isa = PBXFileReference; fileEncoding = 4; lastKnownFileType = sourcecode.c.h; path = NetworkManager.h; sourceTree = "<group>"; };
		E903714B1EE8B6E10033DED0 /* NetworkManager.m */ = {isa = PBXFileReference; fileEncoding = 4; lastKnownFileType = sourcecode.c.objc; path = NetworkManager.m; sourceTree = "<group>"; };
		E90371501EE8B7DF0033DED0 /* TestNetworkInterface.h */ = {isa = PBXFileReference; fileEncoding = 4; lastKnownFileType = sourcecode.c.h; path = TestNetworkInterface.h; sourceTree = "<group>"; };
		E90371511EE8B7DF0033DED0 /* TestNetworkInterface.m */ = {isa = PBXFileReference; fileEncoding = 4; lastKnownFileType = sourcecode.c.objc; path = TestNetworkInterface.m; sourceTree = "<group>"; };
		E9128181200FDD1F0003072B /* TextViewTableViewCell.h */ = {isa = PBXFileReference; lastKnownFileType = sourcecode.c.h; path = TextViewTableViewCell.h; sourceTree = "<group>"; };
		E9128182200FDD1F0003072B /* TextViewTableViewCell.m */ = {isa = PBXFileReference; lastKnownFileType = sourcecode.c.objc; path = TextViewTableViewCell.m; sourceTree = "<group>"; };
		E9128185201008BA0003072B /* SenseAPI.h */ = {isa = PBXFileReference; lastKnownFileType = sourcecode.c.h; path = SenseAPI.h; sourceTree = "<group>"; };
		E9128186201008BA0003072B /* SenseAPI.m */ = {isa = PBXFileReference; lastKnownFileType = sourcecode.c.objc; path = SenseAPI.m; sourceTree = "<group>"; };
		E912818920100B310003072B /* DummyChannelData.h */ = {isa = PBXFileReference; lastKnownFileType = sourcecode.c.h; path = DummyChannelData.h; sourceTree = "<group>"; };
		E912818A20100B310003072B /* DummyChannelData.m */ = {isa = PBXFileReference; lastKnownFileType = sourcecode.c.objc; path = DummyChannelData.m; sourceTree = "<group>"; };
		E928BB2C20210C1A0002C59E /* Landmark.h */ = {isa = PBXFileReference; lastKnownFileType = sourcecode.c.h; path = Landmark.h; sourceTree = "<group>"; };
		E928BB2D20210C1A0002C59E /* Landmark.m */ = {isa = PBXFileReference; lastKnownFileType = sourcecode.c.objc; path = Landmark.m; sourceTree = "<group>"; };
		E9352477201FC9FE008D4F19 /* SetupInfoViewController.h */ = {isa = PBXFileReference; lastKnownFileType = sourcecode.c.h; path = SetupInfoViewController.h; sourceTree = "<group>"; };
		E9352478201FC9FE008D4F19 /* SetupInfoViewController.m */ = {isa = PBXFileReference; lastKnownFileType = sourcecode.c.objc; path = SetupInfoViewController.m; sourceTree = "<group>"; };
		E935247F201FD301008D4F19 /* LoginViewController.h */ = {isa = PBXFileReference; lastKnownFileType = sourcecode.c.h; path = LoginViewController.h; sourceTree = "<group>"; };
		E9352480201FD301008D4F19 /* LoginViewController.m */ = {isa = PBXFileReference; lastKnownFileType = sourcecode.c.objc; path = LoginViewController.m; sourceTree = "<group>"; };
		E9352483201FF050008D4F19 /* SGToken.h */ = {isa = PBXFileReference; lastKnownFileType = sourcecode.c.h; path = SGToken.h; sourceTree = "<group>"; };
		E9352484201FF050008D4F19 /* SGToken.m */ = {isa = PBXFileReference; lastKnownFileType = sourcecode.c.objc; path = SGToken.m; sourceTree = "<group>"; };
		E93C3F041EDDE9EC00F27619 /* PermissionPageController.h */ = {isa = PBXFileReference; fileEncoding = 4; lastKnownFileType = sourcecode.c.h; path = PermissionPageController.h; sourceTree = "<group>"; };
		E93C3F051EDDE9EC00F27619 /* PermissionPageController.m */ = {isa = PBXFileReference; fileEncoding = 4; lastKnownFileType = sourcecode.c.objc; path = PermissionPageController.m; sourceTree = "<group>"; };
		E93C3F081EDDEEE300F27619 /* LocationPermissionViewController.h */ = {isa = PBXFileReference; fileEncoding = 4; lastKnownFileType = sourcecode.c.h; path = LocationPermissionViewController.h; sourceTree = "<group>"; };
		E93C3F091EDDEEE300F27619 /* LocationPermissionViewController.m */ = {isa = PBXFileReference; fileEncoding = 4; lastKnownFileType = sourcecode.c.objc; path = LocationPermissionViewController.m; sourceTree = "<group>"; };
		E943D3E62012C27800882D09 /* DummyProjectData.h */ = {isa = PBXFileReference; lastKnownFileType = sourcecode.c.h; path = DummyProjectData.h; sourceTree = "<group>"; };
		E943D3E72012C27800882D09 /* DummyProjectData.m */ = {isa = PBXFileReference; lastKnownFileType = sourcecode.c.objc; path = DummyProjectData.m; sourceTree = "<group>"; };
		E943D3EA2012CC0700882D09 /* DummyMapData.h */ = {isa = PBXFileReference; lastKnownFileType = sourcecode.c.h; path = DummyMapData.h; sourceTree = "<group>"; };
		E943D3EB2012CC0700882D09 /* DummyMapData.m */ = {isa = PBXFileReference; lastKnownFileType = sourcecode.c.objc; path = DummyMapData.m; sourceTree = "<group>"; };
		E9485EA720194DA800B553E2 /* DummyRulesData.h */ = {isa = PBXFileReference; lastKnownFileType = sourcecode.c.h; path = DummyRulesData.h; sourceTree = "<group>"; };
		E9485EA820194DA800B553E2 /* DummyRulesData.m */ = {isa = PBXFileReference; lastKnownFileType = sourcecode.c.objc; path = DummyRulesData.m; sourceTree = "<group>"; };
		E9485EAB20194DB600B553E2 /* Rule.h */ = {isa = PBXFileReference; lastKnownFileType = sourcecode.c.h; path = Rule.h; sourceTree = "<group>"; };
		E9485EAC20194DB600B553E2 /* Rule.m */ = {isa = PBXFileReference; lastKnownFileType = sourcecode.c.objc; path = Rule.m; sourceTree = "<group>"; };
		E9518B522017EF9E001818CC /* Project.h */ = {isa = PBXFileReference; lastKnownFileType = sourcecode.c.h; path = Project.h; sourceTree = "<group>"; };
		E9518B532017EF9E001818CC /* Project.m */ = {isa = PBXFileReference; lastKnownFileType = sourcecode.c.objc; path = Project.m; sourceTree = "<group>"; };
		E9518B552017EFA6001818CC /* DataChannel.h */ = {isa = PBXFileReference; lastKnownFileType = sourcecode.c.h; path = DataChannel.h; sourceTree = "<group>"; };
		E9518B562017EFA6001818CC /* DataChannel.m */ = {isa = PBXFileReference; lastKnownFileType = sourcecode.c.objc; path = DataChannel.m; sourceTree = "<group>"; };
		E9518B592017F0C8001818CC /* DummySettingsData.h */ = {isa = PBXFileReference; lastKnownFileType = sourcecode.c.h; path = DummySettingsData.h; sourceTree = "<group>"; };
		E9518B5A2017F0C8001818CC /* DummySettingsData.m */ = {isa = PBXFileReference; lastKnownFileType = sourcecode.c.objc; path = DummySettingsData.m; sourceTree = "<group>"; };
		E9518B5D2018026B001818CC /* DummyNotificationData.h */ = {isa = PBXFileReference; lastKnownFileType = sourcecode.c.h; path = DummyNotificationData.h; sourceTree = "<group>"; };
		E9518B5E2018026B001818CC /* DummyNotificationData.m */ = {isa = PBXFileReference; lastKnownFileType = sourcecode.c.objc; path = DummyNotificationData.m; sourceTree = "<group>"; };
		E9518B62201802F9001818CC /* TextNotification.h */ = {isa = PBXFileReference; lastKnownFileType = sourcecode.c.h; path = TextNotification.h; sourceTree = "<group>"; };
		E9518B63201802F9001818CC /* TextNotification.m */ = {isa = PBXFileReference; lastKnownFileType = sourcecode.c.objc; path = TextNotification.m; sourceTree = "<group>"; };
		E95B9DBF1F609481007943CA /* TextFieldTableViewCell.h */ = {isa = PBXFileReference; fileEncoding = 4; lastKnownFileType = sourcecode.c.h; path = TextFieldTableViewCell.h; sourceTree = "<group>"; };
		E95B9DC01F609481007943CA /* TextFieldTableViewCell.m */ = {isa = PBXFileReference; fileEncoding = 4; lastKnownFileType = sourcecode.c.objc; path = TextFieldTableViewCell.m; sourceTree = "<group>"; };
		E95F58241EE61E57000562FC /* MotionPermissionViewController.h */ = {isa = PBXFileReference; fileEncoding = 4; lastKnownFileType = sourcecode.c.h; path = MotionPermissionViewController.h; sourceTree = "<group>"; };
		E95F58251EE61E57000562FC /* MotionPermissionViewController.m */ = {isa = PBXFileReference; fileEncoding = 4; lastKnownFileType = sourcecode.c.objc; path = MotionPermissionViewController.m; sourceTree = "<group>"; };
		E95F58281EE61E7B000562FC /* CameraPermissionViewController.h */ = {isa = PBXFileReference; fileEncoding = 4; lastKnownFileType = sourcecode.c.h; path = CameraPermissionViewController.h; sourceTree = "<group>"; };
		E95F58291EE61E7B000562FC /* CameraPermissionViewController.m */ = {isa = PBXFileReference; fileEncoding = 4; lastKnownFileType = sourcecode.c.objc; path = CameraPermissionViewController.m; sourceTree = "<group>"; };
		E95F582C1EE61EA3000562FC /* PushPermissionViewController.h */ = {isa = PBXFileReference; fileEncoding = 4; lastKnownFileType = sourcecode.c.h; path = PushPermissionViewController.h; sourceTree = "<group>"; };
		E95F582D1EE61EA3000562FC /* PushPermissionViewController.m */ = {isa = PBXFileReference; fileEncoding = 4; lastKnownFileType = sourcecode.c.objc; path = PushPermissionViewController.m; sourceTree = "<group>"; };
		E95F58301EE88258000562FC /* SettingsManager.h */ = {isa = PBXFileReference; fileEncoding = 4; lastKnownFileType = sourcecode.c.h; path = SettingsManager.h; sourceTree = "<group>"; };
		E95F58311EE88258000562FC /* SettingsManager.m */ = {isa = PBXFileReference; fileEncoding = 4; lastKnownFileType = sourcecode.c.objc; path = SettingsManager.m; sourceTree = "<group>"; };
		E962B34B1EF1F42A00ECB920 /* SwitchCell.h */ = {isa = PBXFileReference; fileEncoding = 4; lastKnownFileType = sourcecode.c.h; path = SwitchCell.h; sourceTree = "<group>"; };
		E962B34C1EF1F42A00ECB920 /* SwitchCell.m */ = {isa = PBXFileReference; fileEncoding = 4; lastKnownFileType = sourcecode.c.objc; path = SwitchCell.m; sourceTree = "<group>"; };
		E962B34F1EF1FB2600ECB920 /* LogViewController.h */ = {isa = PBXFileReference; fileEncoding = 4; lastKnownFileType = sourcecode.c.h; path = LogViewController.h; sourceTree = "<group>"; };
		E962B3501EF1FB2600ECB920 /* LogViewController.m */ = {isa = PBXFileReference; fileEncoding = 4; lastKnownFileType = sourcecode.c.objc; path = LogViewController.m; sourceTree = "<group>"; };
		E962B3541EF1FDC400ECB920 /* SDKManager.h */ = {isa = PBXFileReference; fileEncoding = 4; lastKnownFileType = sourcecode.c.h; path = SDKManager.h; sourceTree = "<group>"; };
		E962B3551EF1FDC400ECB920 /* SDKManager.m */ = {isa = PBXFileReference; fileEncoding = 4; lastKnownFileType = sourcecode.c.objc; path = SDKManager.m; sourceTree = "<group>"; };
		E962B3611EF213ED00ECB920 /* CoreLocation.framework */ = {isa = PBXFileReference; lastKnownFileType = wrapper.framework; name = CoreLocation.framework; path = System/Library/Frameworks/CoreLocation.framework; sourceTree = SDKROOT; };
		E962B3631EF2140800ECB920 /* UserNotifications.framework */ = {isa = PBXFileReference; lastKnownFileType = wrapper.framework; name = UserNotifications.framework; path = System/Library/Frameworks/UserNotifications.framework; sourceTree = SDKROOT; };
		E962B36C1EF2EEB300ECB920 /* AVFoundation.framework */ = {isa = PBXFileReference; lastKnownFileType = wrapper.framework; name = AVFoundation.framework; path = System/Library/Frameworks/AVFoundation.framework; sourceTree = SDKROOT; };
		E962B36E1EF2F45000ECB920 /* CoreMotion.framework */ = {isa = PBXFileReference; lastKnownFileType = wrapper.framework; name = CoreMotion.framework; path = System/Library/Frameworks/CoreMotion.framework; sourceTree = SDKROOT; };
		E962B3701EF2F72500ECB920 /* Sync2.entitlements */ = {isa = PBXFileReference; lastKnownFileType = text.plist.entitlements; path = Sync2.entitlements; sourceTree = "<group>"; };
		E966682920082743006911C3 /* MasterTabViewController.h */ = {isa = PBXFileReference; lastKnownFileType = sourcecode.c.h; path = MasterTabViewController.h; sourceTree = "<group>"; };
		E966682A20082743006911C3 /* MasterTabViewController.m */ = {isa = PBXFileReference; lastKnownFileType = sourcecode.c.objc; path = MasterTabViewController.m; sourceTree = "<group>"; };
		E97A204B2023D10900FDB7B2 /* NotificationManager.h */ = {isa = PBXFileReference; lastKnownFileType = sourcecode.c.h; path = NotificationManager.h; sourceTree = "<group>"; };
		E97A204C2023D10900FDB7B2 /* NotificationManager.m */ = {isa = PBXFileReference; lastKnownFileType = sourcecode.c.objc; path = NotificationManager.m; sourceTree = "<group>"; };
		E98430BA20169E5A00F11887 /* MapSettingsTableViewController.h */ = {isa = PBXFileReference; lastKnownFileType = sourcecode.c.h; path = MapSettingsTableViewController.h; sourceTree = "<group>"; };
		E98430BB20169E5A00F11887 /* MapSettingsTableViewController.m */ = {isa = PBXFileReference; lastKnownFileType = sourcecode.c.objc; path = MapSettingsTableViewController.m; sourceTree = "<group>"; };
		E9A3C2A31ED5FD1500A938CB /* Sync2.app */ = {isa = PBXFileReference; explicitFileType = wrapper.application; includeInIndex = 0; path = Sync2.app; sourceTree = BUILT_PRODUCTS_DIR; };
		E9A3C2A71ED5FD1500A938CB /* main.m */ = {isa = PBXFileReference; lastKnownFileType = sourcecode.c.objc; path = main.m; sourceTree = "<group>"; };
		E9A3C2A91ED5FD1500A938CB /* AppDelegate.h */ = {isa = PBXFileReference; lastKnownFileType = sourcecode.c.h; path = AppDelegate.h; sourceTree = "<group>"; };
		E9A3C2AA1ED5FD1500A938CB /* AppDelegate.m */ = {isa = PBXFileReference; lastKnownFileType = sourcecode.c.objc; path = AppDelegate.m; sourceTree = "<group>"; };
		E9A3C2B01ED5FD1500A938CB /* Base */ = {isa = PBXFileReference; lastKnownFileType = file.storyboard; name = Base; path = Base.lproj/Main.storyboard; sourceTree = "<group>"; };
		E9A3C2B21ED5FD1500A938CB /* Assets.xcassets */ = {isa = PBXFileReference; lastKnownFileType = folder.assetcatalog; path = Assets.xcassets; sourceTree = "<group>"; };
		E9A3C2B51ED5FD1500A938CB /* Base */ = {isa = PBXFileReference; lastKnownFileType = file.storyboard; name = Base; path = Base.lproj/LaunchScreen.storyboard; sourceTree = "<group>"; };
		E9A3C2B71ED5FD1500A938CB /* Info.plist */ = {isa = PBXFileReference; lastKnownFileType = text.plist.xml; path = Info.plist; sourceTree = "<group>"; };
		E9A3C2BC1ED5FD1500A938CB /* Sync2Tests.xctest */ = {isa = PBXFileReference; explicitFileType = wrapper.cfbundle; includeInIndex = 0; path = Sync2Tests.xctest; sourceTree = BUILT_PRODUCTS_DIR; };
		E9A3C2C01ED5FD1500A938CB /* Sync2Tests.m */ = {isa = PBXFileReference; lastKnownFileType = sourcecode.c.objc; path = Sync2Tests.m; sourceTree = "<group>"; };
		E9A3C2C21ED5FD1500A938CB /* Info.plist */ = {isa = PBXFileReference; lastKnownFileType = text.plist.xml; path = Info.plist; sourceTree = "<group>"; };
		E9A3C2CD1ED6101100A938CB /* Lato-Black.ttf */ = {isa = PBXFileReference; lastKnownFileType = file; path = "Lato-Black.ttf"; sourceTree = "<group>"; };
		E9A3C2CE1ED6101100A938CB /* Lato-BlackItalic.ttf */ = {isa = PBXFileReference; lastKnownFileType = file; path = "Lato-BlackItalic.ttf"; sourceTree = "<group>"; };
		E9A3C2CF1ED6101100A938CB /* Lato-Bold.ttf */ = {isa = PBXFileReference; lastKnownFileType = file; path = "Lato-Bold.ttf"; sourceTree = "<group>"; };
		E9A3C2D01ED6101100A938CB /* Lato-BoldItalic.ttf */ = {isa = PBXFileReference; lastKnownFileType = file; path = "Lato-BoldItalic.ttf"; sourceTree = "<group>"; };
		E9A3C2D11ED6101100A938CB /* Lato-Hairline.ttf */ = {isa = PBXFileReference; lastKnownFileType = file; path = "Lato-Hairline.ttf"; sourceTree = "<group>"; };
		E9A3C2D21ED6101100A938CB /* Lato-HairlineItalic.ttf */ = {isa = PBXFileReference; lastKnownFileType = file; path = "Lato-HairlineItalic.ttf"; sourceTree = "<group>"; };
		E9A3C2D31ED6101100A938CB /* Lato-Italic.ttf */ = {isa = PBXFileReference; lastKnownFileType = file; path = "Lato-Italic.ttf"; sourceTree = "<group>"; };
		E9A3C2D41ED6101100A938CB /* Lato-Light.ttf */ = {isa = PBXFileReference; lastKnownFileType = file; path = "Lato-Light.ttf"; sourceTree = "<group>"; };
		E9A3C2D51ED6101100A938CB /* Lato-LightItalic.ttf */ = {isa = PBXFileReference; lastKnownFileType = file; path = "Lato-LightItalic.ttf"; sourceTree = "<group>"; };
		E9A3C2D61ED6101100A938CB /* Lato-Regular.ttf */ = {isa = PBXFileReference; lastKnownFileType = file; path = "Lato-Regular.ttf"; sourceTree = "<group>"; };
		E9A3C2E91ED780CC00A938CB /* WelcomeViewController.h */ = {isa = PBXFileReference; fileEncoding = 4; lastKnownFileType = sourcecode.c.h; path = WelcomeViewController.h; sourceTree = "<group>"; };
		E9A3C2EA1ED780CC00A938CB /* WelcomeViewController.m */ = {isa = PBXFileReference; fileEncoding = 4; lastKnownFileType = sourcecode.c.objc; path = WelcomeViewController.m; sourceTree = "<group>"; };
		E9A3C2F81EDBA08500A938CB /* AccountsTableViewController.h */ = {isa = PBXFileReference; fileEncoding = 4; lastKnownFileType = sourcecode.c.h; path = AccountsTableViewController.h; sourceTree = "<group>"; };
		E9A3C2F91EDBA08500A938CB /* AccountsTableViewController.m */ = {isa = PBXFileReference; fileEncoding = 4; lastKnownFileType = sourcecode.c.objc; path = AccountsTableViewController.m; sourceTree = "<group>"; };
		E9B76D39200D31940095030C /* MapViewController.h */ = {isa = PBXFileReference; lastKnownFileType = sourcecode.c.h; path = MapViewController.h; sourceTree = "<group>"; };
		E9B76D3A200D31940095030C /* MapViewController.m */ = {isa = PBXFileReference; lastKnownFileType = sourcecode.c.objc; path = MapViewController.m; sourceTree = "<group>"; };
		E9B76D3D200D31E30095030C /* NotificationsTableViewController.h */ = {isa = PBXFileReference; lastKnownFileType = sourcecode.c.h; path = NotificationsTableViewController.h; sourceTree = "<group>"; };
		E9B76D3E200D31E30095030C /* NotificationsTableViewController.m */ = {isa = PBXFileReference; lastKnownFileType = sourcecode.c.objc; path = NotificationsTableViewController.m; sourceTree = "<group>"; };
		E9B76D41200D32580095030C /* RulesTableViewController.h */ = {isa = PBXFileReference; lastKnownFileType = sourcecode.c.h; path = RulesTableViewController.h; sourceTree = "<group>"; };
		E9B76D42200D32580095030C /* RulesTableViewController.m */ = {isa = PBXFileReference; lastKnownFileType = sourcecode.c.objc; path = RulesTableViewController.m; sourceTree = "<group>"; };
		E9B76D45200D35BB0095030C /* LogDayTableViewController.h */ = {isa = PBXFileReference; lastKnownFileType = sourcecode.c.h; path = LogDayTableViewController.h; sourceTree = "<group>"; };
		E9B76D46200D35BB0095030C /* LogDayTableViewController.m */ = {isa = PBXFileReference; lastKnownFileType = sourcecode.c.objc; path = LogDayTableViewController.m; sourceTree = "<group>"; };
		E9B76D49200D37B90095030C /* RuleDetailTableViewController.h */ = {isa = PBXFileReference; lastKnownFileType = sourcecode.c.h; path = RuleDetailTableViewController.h; sourceTree = "<group>"; };
		E9B76D4A200D37B90095030C /* RuleDetailTableViewController.m */ = {isa = PBXFileReference; lastKnownFileType = sourcecode.c.objc; path = RuleDetailTableViewController.m; sourceTree = "<group>"; };
		E9B76D4D200D4E580095030C /* SettingsTableViewController.h */ = {isa = PBXFileReference; lastKnownFileType = sourcecode.c.h; path = SettingsTableViewController.h; sourceTree = "<group>"; };
		E9B76D4E200D4E580095030C /* SettingsTableViewController.m */ = {isa = PBXFileReference; lastKnownFileType = sourcecode.c.objc; path = SettingsTableViewController.m; sourceTree = "<group>"; };
		E9B76D59200D4F450095030C /* ProjectSelectionViewController.h */ = {isa = PBXFileReference; lastKnownFileType = sourcecode.c.h; path = ProjectSelectionViewController.h; sourceTree = "<group>"; };
		E9B76D5A200D4F450095030C /* ProjectSelectionViewController.m */ = {isa = PBXFileReference; lastKnownFileType = sourcecode.c.objc; path = ProjectSelectionViewController.m; sourceTree = "<group>"; };
		E9B76D5D200D4F5F0095030C /* DataChannelSelectionViewController.h */ = {isa = PBXFileReference; lastKnownFileType = sourcecode.c.h; path = DataChannelSelectionViewController.h; sourceTree = "<group>"; };
		E9B76D5E200D4F5F0095030C /* DataChannelSelectionViewController.m */ = {isa = PBXFileReference; lastKnownFileType = sourcecode.c.objc; path = DataChannelSelectionViewController.m; sourceTree = "<group>"; };
		E9CCF4BA1EF1E78200BF96C6 /* QRCameraSwitchButton.h */ = {isa = PBXFileReference; fileEncoding = 4; lastKnownFileType = sourcecode.c.h; path = QRCameraSwitchButton.h; sourceTree = "<group>"; };
		E9CCF4BB1EF1E78200BF96C6 /* QRCameraSwitchButton.m */ = {isa = PBXFileReference; fileEncoding = 4; lastKnownFileType = sourcecode.c.objc; path = QRCameraSwitchButton.m; sourceTree = "<group>"; };
		E9CCF4BC1EF1E78200BF96C6 /* QRCodeReader.h */ = {isa = PBXFileReference; fileEncoding = 4; lastKnownFileType = sourcecode.c.h; path = QRCodeReader.h; sourceTree = "<group>"; };
		E9CCF4BD1EF1E78200BF96C6 /* QRCodeReader.m */ = {isa = PBXFileReference; fileEncoding = 4; lastKnownFileType = sourcecode.c.objc; path = QRCodeReader.m; sourceTree = "<group>"; };
		E9CCF4BE1EF1E78200BF96C6 /* QRCodeReaderDelegate.h */ = {isa = PBXFileReference; fileEncoding = 4; lastKnownFileType = sourcecode.c.h; path = QRCodeReaderDelegate.h; sourceTree = "<group>"; };
		E9CCF4BF1EF1E78200BF96C6 /* QRCodeReaderView.h */ = {isa = PBXFileReference; fileEncoding = 4; lastKnownFileType = sourcecode.c.h; path = QRCodeReaderView.h; sourceTree = "<group>"; };
		E9CCF4C01EF1E78200BF96C6 /* QRCodeReaderView.m */ = {isa = PBXFileReference; fileEncoding = 4; lastKnownFileType = sourcecode.c.objc; path = QRCodeReaderView.m; sourceTree = "<group>"; };
		E9CCF4C11EF1E78200BF96C6 /* QRCodeReaderViewController.h */ = {isa = PBXFileReference; fileEncoding = 4; lastKnownFileType = sourcecode.c.h; path = QRCodeReaderViewController.h; sourceTree = "<group>"; };
		E9CCF4C21EF1E78200BF96C6 /* QRCodeReaderViewController.m */ = {isa = PBXFileReference; fileEncoding = 4; lastKnownFileType = sourcecode.c.objc; path = QRCodeReaderViewController.m; sourceTree = "<group>"; };
		E9CCF4C31EF1E78200BF96C6 /* QRToggleTorchButton.h */ = {isa = PBXFileReference; fileEncoding = 4; lastKnownFileType = sourcecode.c.h; path = QRToggleTorchButton.h; sourceTree = "<group>"; };
		E9CCF4C41EF1E78200BF96C6 /* QRToggleTorchButton.m */ = {isa = PBXFileReference; fileEncoding = 4; lastKnownFileType = sourcecode.c.objc; path = QRToggleTorchButton.m; sourceTree = "<group>"; };
		E9D0A3651F3258CA00E7776C /* MapMarkerViewController.h */ = {isa = PBXFileReference; fileEncoding = 4; lastKnownFileType = sourcecode.c.h; path = MapMarkerViewController.h; sourceTree = "<group>"; };
		E9D0A3661F3258CA00E7776C /* MapMarkerViewController.m */ = {isa = PBXFileReference; fileEncoding = 4; lastKnownFileType = sourcecode.c.objc; path = MapMarkerViewController.m; sourceTree = "<group>"; };
		E9DC1A66203F62DC00186B4C /* SixgillSDK.framework */ = {isa = PBXFileReference; lastKnownFileType = wrapper.framework; path = SixgillSDK.framework; sourceTree = "<group>"; };
		E9F0A29220240B41007B7711 /* APIKey.h */ = {isa = PBXFileReference; lastKnownFileType = sourcecode.c.h; path = APIKey.h; sourceTree = "<group>"; };
		E9F0A29320240B41007B7711 /* APIKey.m */ = {isa = PBXFileReference; lastKnownFileType = sourcecode.c.objc; path = APIKey.m; sourceTree = "<group>"; };
		EB092CDF563232A27A3F7613 /* Pods-Sync2.release.xcconfig */ = {isa = PBXFileReference; includeInIndex = 1; lastKnownFileType = text.xcconfig; name = "Pods-Sync2.release.xcconfig"; path = "Pods/Target Support Files/Pods-Sync2/Pods-Sync2.release.xcconfig"; sourceTree = "<group>"; };
/* End PBXFileReference section */

/* Begin PBXFrameworksBuildPhase section */
		E9A3C2A01ED5FD1500A938CB /* Frameworks */ = {
			isa = PBXFrameworksBuildPhase;
			buildActionMask = 2147483647;
			files = (
				E9DC1A67203F62DC00186B4C /* SixgillSDK.framework in Frameworks */,
				E962B36F1EF2F45000ECB920 /* CoreMotion.framework in Frameworks */,
				E962B36D1EF2EEB300ECB920 /* AVFoundation.framework in Frameworks */,
				E962B3641EF2140800ECB920 /* UserNotifications.framework in Frameworks */,
				E962B3621EF213ED00ECB920 /* CoreLocation.framework in Frameworks */,
				58001D842DCBFB8481B31204 /* libPods-Sync2.a in Frameworks */,
			);
			runOnlyForDeploymentPostprocessing = 0;
		};
		E9A3C2B91ED5FD1500A938CB /* Frameworks */ = {
			isa = PBXFrameworksBuildPhase;
			buildActionMask = 2147483647;
			files = (
				997E4336B252968CFF9C832F /* libPods-Sync2Tests.a in Frameworks */,
			);
			runOnlyForDeploymentPostprocessing = 0;
		};
/* End PBXFrameworksBuildPhase section */

/* Begin PBXGroup section */
		2A30DAFCC74694937F10709D /* Pods */ = {
			isa = PBXGroup;
			children = (
				E6011B6B43DBF0AC7C6C0493 /* Pods-Sync2.debug.xcconfig */,
				EB092CDF563232A27A3F7613 /* Pods-Sync2.release.xcconfig */,
				1DA5955D2EF0589B2AC4F739 /* Pods-Sync2Tests.debug.xcconfig */,
				2DB0C3E88E97E1E5750C48B5 /* Pods-Sync2Tests.release.xcconfig */,
			);
			name = Pods;
			sourceTree = "<group>";
		};
		E903713D1EE89AA90033DED0 /* Log Details */ = {
			isa = PBXGroup;
			children = (
				E903713E1EE89ABE0033DED0 /* AccountDetailTableViewController.h */,
				E903713F1EE89ABE0033DED0 /* AccountDetailTableViewController.m */,
			);
			name = "Log Details";
			sourceTree = "<group>";
		};
		E90371411EE89AF40033DED0 /* Account */ = {
			isa = PBXGroup;
			children = (
				E90371421EE89B1E0033DED0 /* Account.h */,
				E90371431EE89B1E0033DED0 /* Account.m */,
			);
			name = Account;
			sourceTree = "<group>";
		};
		E90371451EE8B5E60033DED0 /* Wifi-Beacon List */ = {
			isa = PBXGroup;
			children = (
				E90371461EE8B6110033DED0 /* ListTableViewController.h */,
				E90371471EE8B6110033DED0 /* ListTableViewController.m */,
			);
			name = "Wifi-Beacon List";
			sourceTree = "<group>";
		};
		E90371491EE8B6B60033DED0 /* NetworkManager */ = {
			isa = PBXGroup;
			children = (
				E9B76D64200D61D20095030C /* Old */,
				E9B76D60200D61490095030C /* Redesign */,
			);
			name = NetworkManager;
			sourceTree = "<group>";
		};
		E903714D1EE8B6E80033DED0 /* Interfaces */ = {
			isa = PBXGroup;
			children = (
				E903714F1EE8B6F80033DED0 /* API */,
				E903714E1EE8B6F30033DED0 /* Test */,
			);
			name = Interfaces;
			sourceTree = "<group>";
		};
		E903714E1EE8B6F30033DED0 /* Test */ = {
			isa = PBXGroup;
			children = (
				E90371501EE8B7DF0033DED0 /* TestNetworkInterface.h */,
				E90371511EE8B7DF0033DED0 /* TestNetworkInterface.m */,
			);
			name = Test;
			sourceTree = "<group>";
		};
		E903714F1EE8B6F80033DED0 /* API */ = {
			isa = PBXGroup;
			children = (
			);
			name = API;
			sourceTree = "<group>";
		};
		E9128184201008700003072B /* Old */ = {
			isa = PBXGroup;
			children = (
				E9D0A3641F32587E00E7776C /* Map View */,
				E962B34E1EF1FAB000ECB920 /* Log Viewer */,
				E9CCF4B91EF1E78200BF96C6 /* QRCodeReaderViewController */,
				E90371451EE8B5E60033DED0 /* Wifi-Beacon List */,
				E9A3C2F71EDBA07000A938CB /* Accounts Table */,
			);
			name = Old;
			sourceTree = "<group>";
		};
		E912818820100B180003072B /* dummy data */ = {
			isa = PBXGroup;
			children = (
				E912818920100B310003072B /* DummyChannelData.h */,
				E912818A20100B310003072B /* DummyChannelData.m */,
			);
			name = "dummy data";
			sourceTree = "<group>";
		};
		E928BB2B20210BED0002C59E /* Landmark */ = {
			isa = PBXGroup;
			children = (
				E928BB2C20210C1A0002C59E /* Landmark.h */,
				E928BB2D20210C1A0002C59E /* Landmark.m */,
			);
			name = Landmark;
			sourceTree = "<group>";
		};
		E9352475201FC947008D4F19 /* Permission Views */ = {
			isa = PBXGroup;
			children = (
				E9352476201FC9EB008D4F19 /* Setup Info */,
				E95F582B1EE61E94000562FC /* Push Permission */,
				E95F58271EE61E6E000562FC /* Camera Permission */,
				E95F58231EE61E14000562FC /* Motion Permission */,
				E93C3F071EDDEEA100F27619 /* Location Permission */,
				E93C3F031EDDE9C100F27619 /* Page Controlleer */,
			);
			name = "Permission Views";
			sourceTree = "<group>";
		};
		E9352476201FC9EB008D4F19 /* Setup Info */ = {
			isa = PBXGroup;
			children = (
				E9352477201FC9FE008D4F19 /* SetupInfoViewController.h */,
				E9352478201FC9FE008D4F19 /* SetupInfoViewController.m */,
			);
			name = "Setup Info";
			sourceTree = "<group>";
		};
		E935247E201FD2F6008D4F19 /* Login */ = {
			isa = PBXGroup;
			children = (
				E935247F201FD301008D4F19 /* LoginViewController.h */,
				E9352480201FD301008D4F19 /* LoginViewController.m */,
			);
			name = Login;
			sourceTree = "<group>";
		};
		E9352482201FF03E008D4F19 /* Token */ = {
			isa = PBXGroup;
			children = (
				E9352483201FF050008D4F19 /* SGToken.h */,
				E9352484201FF050008D4F19 /* SGToken.m */,
			);
			name = Token;
			sourceTree = "<group>";
		};
		E93C3F031EDDE9C100F27619 /* Page Controlleer */ = {
			isa = PBXGroup;
			children = (
				E93C3F041EDDE9EC00F27619 /* PermissionPageController.h */,
				E93C3F051EDDE9EC00F27619 /* PermissionPageController.m */,
			);
			name = "Page Controlleer";
			sourceTree = "<group>";
		};
		E93C3F071EDDEEA100F27619 /* Location Permission */ = {
			isa = PBXGroup;
			children = (
				E93C3F081EDDEEE300F27619 /* LocationPermissionViewController.h */,
				E93C3F091EDDEEE300F27619 /* LocationPermissionViewController.m */,
			);
			name = "Location Permission";
			sourceTree = "<group>";
		};
		E943D3E52012C25A00882D09 /* dummy data */ = {
			isa = PBXGroup;
			children = (
				E943D3E62012C27800882D09 /* DummyProjectData.h */,
				E943D3E72012C27800882D09 /* DummyProjectData.m */,
			);
			name = "dummy data";
			sourceTree = "<group>";
		};
		E943D3E92012CBF200882D09 /* dummy map data */ = {
			isa = PBXGroup;
			children = (
				E943D3EA2012CC0700882D09 /* DummyMapData.h */,
				E943D3EB2012CC0700882D09 /* DummyMapData.m */,
			);
			name = "dummy map data";
			sourceTree = "<group>";
		};
		E9485EA620194D1E00B553E2 /* Dummy rules data */ = {
			isa = PBXGroup;
			children = (
				E9485EA720194DA800B553E2 /* DummyRulesData.h */,
				E9485EA820194DA800B553E2 /* DummyRulesData.m */,
			);
			name = "Dummy rules data";
			sourceTree = "<group>";
		};
		E9485EAA20194DAE00B553E2 /* Rules */ = {
			isa = PBXGroup;
			children = (
				E9485EAB20194DB600B553E2 /* Rule.h */,
				E9485EAC20194DB600B553E2 /* Rule.m */,
			);
			name = Rules;
			sourceTree = "<group>";
		};
		E9518B502017EF6B001818CC /* Project */ = {
			isa = PBXGroup;
			children = (
				E9518B522017EF9E001818CC /* Project.h */,
				E9518B532017EF9E001818CC /* Project.m */,
			);
			name = Project;
			sourceTree = "<group>";
		};
		E9518B512017EF78001818CC /* DataChannel */ = {
			isa = PBXGroup;
			children = (
				E9518B552017EFA6001818CC /* DataChannel.h */,
				E9518B562017EFA6001818CC /* DataChannel.m */,
			);
			name = DataChannel;
			sourceTree = "<group>";
		};
		E9518B582017F0B8001818CC /* dummy settings data */ = {
			isa = PBXGroup;
			children = (
				E9518B592017F0C8001818CC /* DummySettingsData.h */,
				E9518B5A2017F0C8001818CC /* DummySettingsData.m */,
			);
			name = "dummy settings data";
			sourceTree = "<group>";
		};
		E9518B5C20180240001818CC /* Dummy Notification Data */ = {
			isa = PBXGroup;
			children = (
				E9518B5D2018026B001818CC /* DummyNotificationData.h */,
				E9518B5E2018026B001818CC /* DummyNotificationData.m */,
			);
			name = "Dummy Notification Data";
			sourceTree = "<group>";
		};
		E9518B60201802D8001818CC /* Notifications */ = {
			isa = PBXGroup;
			children = (
				E9518B61201802E8001818CC /* TextNotification */,
			);
			name = Notifications;
			sourceTree = "<group>";
		};
		E9518B61201802E8001818CC /* TextNotification */ = {
			isa = PBXGroup;
			children = (
				E9518B62201802F9001818CC /* TextNotification.h */,
				E9518B63201802F9001818CC /* TextNotification.m */,
			);
			name = TextNotification;
			sourceTree = "<group>";
		};
		E95F58231EE61E14000562FC /* Motion Permission */ = {
			isa = PBXGroup;
			children = (
				E95F58241EE61E57000562FC /* MotionPermissionViewController.h */,
				E95F58251EE61E57000562FC /* MotionPermissionViewController.m */,
			);
			name = "Motion Permission";
			sourceTree = "<group>";
		};
		E95F58271EE61E6E000562FC /* Camera Permission */ = {
			isa = PBXGroup;
			children = (
				E95F58281EE61E7B000562FC /* CameraPermissionViewController.h */,
				E95F58291EE61E7B000562FC /* CameraPermissionViewController.m */,
			);
			name = "Camera Permission";
			sourceTree = "<group>";
		};
		E95F582B1EE61E94000562FC /* Push Permission */ = {
			isa = PBXGroup;
			children = (
				E95F582C1EE61EA3000562FC /* PushPermissionViewController.h */,
				E95F582D1EE61EA3000562FC /* PushPermissionViewController.m */,
			);
			name = "Push Permission";
			sourceTree = "<group>";
		};
		E95F582F1EE88244000562FC /* SettingsManager */ = {
			isa = PBXGroup;
			children = (
				E95F58301EE88258000562FC /* SettingsManager.h */,
				E95F58311EE88258000562FC /* SettingsManager.m */,
			);
			name = SettingsManager;
			sourceTree = "<group>";
		};
		E962B34E1EF1FAB000ECB920 /* Log Viewer */ = {
			isa = PBXGroup;
			children = (
				E962B34F1EF1FB2600ECB920 /* LogViewController.h */,
				E962B3501EF1FB2600ECB920 /* LogViewController.m */,
			);
			name = "Log Viewer";
			sourceTree = "<group>";
		};
		E962B3521EF1FBCC00ECB920 /* SwitchCell */ = {
			isa = PBXGroup;
			children = (
				E962B34B1EF1F42A00ECB920 /* SwitchCell.h */,
				E962B34C1EF1F42A00ECB920 /* SwitchCell.m */,
			);
			name = SwitchCell;
			sourceTree = "<group>";
		};
		E962B3531EF1FDB600ECB920 /* SDK Manager */ = {
			isa = PBXGroup;
			children = (
				E962B3541EF1FDC400ECB920 /* SDKManager.h */,
				E962B3551EF1FDC400ECB920 /* SDKManager.m */,
			);
			name = "SDK Manager";
			sourceTree = "<group>";
		};
		E962B3571EF20F1300ECB920 /* Frameworks */ = {
			isa = PBXGroup;
			children = (
				E9DC1A66203F62DC00186B4C /* SixgillSDK.framework */,
				E962B36E1EF2F45000ECB920 /* CoreMotion.framework */,
				E962B36C1EF2EEB300ECB920 /* AVFoundation.framework */,
				E962B3631EF2140800ECB920 /* UserNotifications.framework */,
				E962B3611EF213ED00ECB920 /* CoreLocation.framework */,
				9D03816FF72873E2FF7D5C5B /* libPods-Sync2.a */,
				894FBF645A04BBF448E4B5C9 /* libPods-Sync2Tests.a */,
			);
			name = Frameworks;
			sourceTree = "<group>";
		};
		E962B35F1EF2108200ECB920 /* App Delegate */ = {
			isa = PBXGroup;
			children = (
				E9A3C2A91ED5FD1500A938CB /* AppDelegate.h */,
				E9A3C2AA1ED5FD1500A938CB /* AppDelegate.m */,
			);
			name = "App Delegate";
			sourceTree = "<group>";
		};
		E966682820082707006911C3 /* UI Update */ = {
			isa = PBXGroup;
			children = (
				E935247E201FD2F6008D4F19 /* Login */,
				E9A3C2E31ED77D8E00A938CB /* Welcome */,
				E9352475201FC947008D4F19 /* Permission Views */,
				E903713D1EE89AA90033DED0 /* Log Details */,
				E98430B920169E4800F11887 /* Map Settings */,
				E9B76D5C200D4F4F0095030C /* Data Channel Selection */,
				E9B76D58200D4F300095030C /* Project Selection */,
				E9B76D38200D31780095030C /* Map Controller */,
				E9B76D4C200D4D5F0095030C /* Settings Table */,
				E9B76D48200D37A90095030C /* Rule Detail Table */,
				E9B76D44200D35AB0095030C /* Log Day Table */,
				E9B76D40200D32490095030C /* Rules Table */,
				E9B76D3C200D31BF0095030C /* Notifications Table Controller */,
				E9B76D37200969260095030C /* Tab Controller */,
			);
			name = "UI Update";
			sourceTree = "<group>";
		};
		E97A204A2023D0F500FDB7B2 /* Notification Manager */ = {
			isa = PBXGroup;
			children = (
				E97A204B2023D10900FDB7B2 /* NotificationManager.h */,
				E97A204C2023D10900FDB7B2 /* NotificationManager.m */,
			);
			name = "Notification Manager";
			sourceTree = "<group>";
		};
		E98430B920169E4800F11887 /* Map Settings */ = {
			isa = PBXGroup;
			children = (
				E98430BA20169E5A00F11887 /* MapSettingsTableViewController.h */,
				E98430BB20169E5A00F11887 /* MapSettingsTableViewController.m */,
			);
			name = "Map Settings";
			sourceTree = "<group>";
		};
		E9A3C29A1ED5FD1500A938CB = {
			isa = PBXGroup;
			children = (
				E9A3C2A51ED5FD1500A938CB /* Sync2 */,
				E9A3C2BF1ED5FD1500A938CB /* Sync2Tests */,
				E9A3C2A41ED5FD1500A938CB /* Products */,
				E962B3571EF20F1300ECB920 /* Frameworks */,
				2A30DAFCC74694937F10709D /* Pods */,
			);
			sourceTree = "<group>";
		};
		E9A3C2A41ED5FD1500A938CB /* Products */ = {
			isa = PBXGroup;
			children = (
				E9A3C2A31ED5FD1500A938CB /* Sync2.app */,
				E9A3C2BC1ED5FD1500A938CB /* Sync2Tests.xctest */,
			);
			name = Products;
			sourceTree = "<group>";
		};
		E9A3C2A51ED5FD1500A938CB /* Sync2 */ = {
			isa = PBXGroup;
			children = (
				E962B3701EF2F72500ECB920 /* Sync2.entitlements */,
				E9A3C2E41ED77DAC00A938CB /* Model */,
				E9A3C2E21ED77D8600A938CB /* Controller */,
				E9A3C2CB1ED60FD700A938CB /* Resources */,
				E962B35F1EF2108200ECB920 /* App Delegate */,
				E9A3C2AF1ED5FD1500A938CB /* Main.storyboard */,
				E9A3C2B21ED5FD1500A938CB /* Assets.xcassets */,
				E9A3C2B41ED5FD1500A938CB /* LaunchScreen.storyboard */,
				E9A3C2B71ED5FD1500A938CB /* Info.plist */,
				E9A3C2A61ED5FD1500A938CB /* Supporting Files */,
			);
			path = Sync2;
			sourceTree = "<group>";
		};
		E9A3C2A61ED5FD1500A938CB /* Supporting Files */ = {
			isa = PBXGroup;
			children = (
				E9A3C2A71ED5FD1500A938CB /* main.m */,
			);
			name = "Supporting Files";
			sourceTree = "<group>";
		};
		E9A3C2BF1ED5FD1500A938CB /* Sync2Tests */ = {
			isa = PBXGroup;
			children = (
				E9A3C2C01ED5FD1500A938CB /* Sync2Tests.m */,
				E9A3C2C21ED5FD1500A938CB /* Info.plist */,
			);
			path = Sync2Tests;
			sourceTree = "<group>";
		};
		E9A3C2CB1ED60FD700A938CB /* Resources */ = {
			isa = PBXGroup;
			children = (
				E9A3C2CC1ED60FFA00A938CB /* Fonts */,
			);
			name = Resources;
			sourceTree = "<group>";
		};
		E9A3C2CC1ED60FFA00A938CB /* Fonts */ = {
			isa = PBXGroup;
			children = (
				E9A3C2CD1ED6101100A938CB /* Lato-Black.ttf */,
				E9A3C2CE1ED6101100A938CB /* Lato-BlackItalic.ttf */,
				E9A3C2CF1ED6101100A938CB /* Lato-Bold.ttf */,
				E9A3C2D01ED6101100A938CB /* Lato-BoldItalic.ttf */,
				E9A3C2D11ED6101100A938CB /* Lato-Hairline.ttf */,
				E9A3C2D21ED6101100A938CB /* Lato-HairlineItalic.ttf */,
				E9A3C2D31ED6101100A938CB /* Lato-Italic.ttf */,
				E9A3C2D41ED6101100A938CB /* Lato-Light.ttf */,
				E9A3C2D51ED6101100A938CB /* Lato-LightItalic.ttf */,
				E9A3C2D61ED6101100A938CB /* Lato-Regular.ttf */,
			);
			name = Fonts;
			sourceTree = "<group>";
		};
		E9A3C2E21ED77D8600A938CB /* Controller */ = {
			isa = PBXGroup;
			children = (
				E9128184201008700003072B /* Old */,
				E966682820082707006911C3 /* UI Update */,
			);
			name = Controller;
			sourceTree = "<group>";
		};
		E9A3C2E31ED77D8E00A938CB /* Welcome */ = {
			isa = PBXGroup;
			children = (
				E9A3C2E91ED780CC00A938CB /* WelcomeViewController.h */,
				E9A3C2EA1ED780CC00A938CB /* WelcomeViewController.m */,
			);
			name = Welcome;
			sourceTree = "<group>";
		};
		E9A3C2E41ED77DAC00A938CB /* Model */ = {
			isa = PBXGroup;
			children = (
				E9F0A29120240B2F007B7711 /* API Key */,
				E97A204A2023D0F500FDB7B2 /* Notification Manager */,
				E928BB2B20210BED0002C59E /* Landmark */,
				E9352482201FF03E008D4F19 /* Token */,
				E9485EAA20194DAE00B553E2 /* Rules */,
				E9518B60201802D8001818CC /* Notifications */,
				E90371411EE89AF40033DED0 /* Account */,
				E9518B512017EF78001818CC /* DataChannel */,
				E9518B502017EF6B001818CC /* Project */,
				E9B76D66200D7CD40095030C /* TextCell - redesign */,
				E9CCE7501F60930F008B1DE6 /* TextCell - old */,
				E962B3531EF1FDB600ECB920 /* SDK Manager */,
				E90371491EE8B6B60033DED0 /* NetworkManager */,
				E95F582F1EE88244000562FC /* SettingsManager */,
				E962B3521EF1FBCC00ECB920 /* SwitchCell */,
			);
			name = Model;
			sourceTree = "<group>";
		};
		E9A3C2F71EDBA07000A938CB /* Accounts Table */ = {
			isa = PBXGroup;
			children = (
				E9A3C2F81EDBA08500A938CB /* AccountsTableViewController.h */,
				E9A3C2F91EDBA08500A938CB /* AccountsTableViewController.m */,
			);
			name = "Accounts Table";
			sourceTree = "<group>";
		};
		E9B76D37200969260095030C /* Tab Controller */ = {
			isa = PBXGroup;
			children = (
				E966682920082743006911C3 /* MasterTabViewController.h */,
				E966682A20082743006911C3 /* MasterTabViewController.m */,
			);
			name = "Tab Controller";
			sourceTree = "<group>";
		};
		E9B76D38200D31780095030C /* Map Controller */ = {
			isa = PBXGroup;
			children = (
				E943D3E92012CBF200882D09 /* dummy map data */,
				E9B76D39200D31940095030C /* MapViewController.h */,
				E9B76D3A200D31940095030C /* MapViewController.m */,
			);
			name = "Map Controller";
			sourceTree = "<group>";
		};
		E9B76D3C200D31BF0095030C /* Notifications Table Controller */ = {
			isa = PBXGroup;
			children = (
				E9518B5C20180240001818CC /* Dummy Notification Data */,
				E9B76D3D200D31E30095030C /* NotificationsTableViewController.h */,
				E9B76D3E200D31E30095030C /* NotificationsTableViewController.m */,
			);
			name = "Notifications Table Controller";
			sourceTree = "<group>";
		};
		E9B76D40200D32490095030C /* Rules Table */ = {
			isa = PBXGroup;
			children = (
				E9485EA620194D1E00B553E2 /* Dummy rules data */,
				E9B76D41200D32580095030C /* RulesTableViewController.h */,
				E9B76D42200D32580095030C /* RulesTableViewController.m */,
			);
			name = "Rules Table";
			sourceTree = "<group>";
		};
		E9B76D44200D35AB0095030C /* Log Day Table */ = {
			isa = PBXGroup;
			children = (
				E9B76D45200D35BB0095030C /* LogDayTableViewController.h */,
				E9B76D46200D35BB0095030C /* LogDayTableViewController.m */,
			);
			name = "Log Day Table";
			sourceTree = "<group>";
		};
		E9B76D48200D37A90095030C /* Rule Detail Table */ = {
			isa = PBXGroup;
			children = (
				E9B76D49200D37B90095030C /* RuleDetailTableViewController.h */,
				E9B76D4A200D37B90095030C /* RuleDetailTableViewController.m */,
			);
			name = "Rule Detail Table";
			sourceTree = "<group>";
		};
		E9B76D4C200D4D5F0095030C /* Settings Table */ = {
			isa = PBXGroup;
			children = (
				E9518B582017F0B8001818CC /* dummy settings data */,
				E9B76D4D200D4E580095030C /* SettingsTableViewController.h */,
				E9B76D4E200D4E580095030C /* SettingsTableViewController.m */,
			);
			name = "Settings Table";
			sourceTree = "<group>";
		};
		E9B76D58200D4F300095030C /* Project Selection */ = {
			isa = PBXGroup;
			children = (
				E943D3E52012C25A00882D09 /* dummy data */,
				E9B76D59200D4F450095030C /* ProjectSelectionViewController.h */,
				E9B76D5A200D4F450095030C /* ProjectSelectionViewController.m */,
			);
			name = "Project Selection";
			sourceTree = "<group>";
		};
		E9B76D5C200D4F4F0095030C /* Data Channel Selection */ = {
			isa = PBXGroup;
			children = (
				E912818820100B180003072B /* dummy data */,
				E9B76D5D200D4F5F0095030C /* DataChannelSelectionViewController.h */,
				E9B76D5E200D4F5F0095030C /* DataChannelSelectionViewController.m */,
			);
			name = "Data Channel Selection";
			sourceTree = "<group>";
		};
		E9B76D60200D61490095030C /* Redesign */ = {
			isa = PBXGroup;
			children = (
				E9128185201008BA0003072B /* SenseAPI.h */,
				E9128186201008BA0003072B /* SenseAPI.m */,
			);
			name = Redesign;
			sourceTree = "<group>";
		};
		E9B76D64200D61D20095030C /* Old */ = {
			isa = PBXGroup;
			children = (
				E903714D1EE8B6E80033DED0 /* Interfaces */,
				E903714A1EE8B6E10033DED0 /* NetworkManager.h */,
				E903714B1EE8B6E10033DED0 /* NetworkManager.m */,
			);
			name = Old;
			sourceTree = "<group>";
		};
		E9B76D66200D7CD40095030C /* TextCell - redesign */ = {
			isa = PBXGroup;
			children = (
				E9128181200FDD1F0003072B /* TextViewTableViewCell.h */,
				E9128182200FDD1F0003072B /* TextViewTableViewCell.m */,
			);
			name = "TextCell - redesign";
			sourceTree = "<group>";
		};
		E9CCE7501F60930F008B1DE6 /* TextCell - old */ = {
			isa = PBXGroup;
			children = (
				E95B9DBF1F609481007943CA /* TextFieldTableViewCell.h */,
				E95B9DC01F609481007943CA /* TextFieldTableViewCell.m */,
			);
			name = "TextCell - old";
			sourceTree = "<group>";
		};
		E9CCF4B91EF1E78200BF96C6 /* QRCodeReaderViewController */ = {
			isa = PBXGroup;
			children = (
				E9CCF4BA1EF1E78200BF96C6 /* QRCameraSwitchButton.h */,
				E9CCF4BB1EF1E78200BF96C6 /* QRCameraSwitchButton.m */,
				E9CCF4BC1EF1E78200BF96C6 /* QRCodeReader.h */,
				E9CCF4BD1EF1E78200BF96C6 /* QRCodeReader.m */,
				E9CCF4BE1EF1E78200BF96C6 /* QRCodeReaderDelegate.h */,
				E9CCF4BF1EF1E78200BF96C6 /* QRCodeReaderView.h */,
				E9CCF4C01EF1E78200BF96C6 /* QRCodeReaderView.m */,
				E9CCF4C11EF1E78200BF96C6 /* QRCodeReaderViewController.h */,
				E9CCF4C21EF1E78200BF96C6 /* QRCodeReaderViewController.m */,
				E9CCF4C31EF1E78200BF96C6 /* QRToggleTorchButton.h */,
				E9CCF4C41EF1E78200BF96C6 /* QRToggleTorchButton.m */,
			);
			path = QRCodeReaderViewController;
			sourceTree = "<group>";
		};
		E9D0A3641F32587E00E7776C /* Map View */ = {
			isa = PBXGroup;
			children = (
				E9D0A3651F3258CA00E7776C /* MapMarkerViewController.h */,
				E9D0A3661F3258CA00E7776C /* MapMarkerViewController.m */,
			);
			name = "Map View";
			sourceTree = "<group>";
		};
		E9F0A29120240B2F007B7711 /* API Key */ = {
			isa = PBXGroup;
			children = (
				E9F0A29220240B41007B7711 /* APIKey.h */,
				E9F0A29320240B41007B7711 /* APIKey.m */,
			);
			name = "API Key";
			sourceTree = "<group>";
		};
/* End PBXGroup section */

/* Begin PBXNativeTarget section */
		E9A3C2A21ED5FD1500A938CB /* Sync2 */ = {
			isa = PBXNativeTarget;
			buildConfigurationList = E9A3C2C51ED5FD1500A938CB /* Build configuration list for PBXNativeTarget "Sync2" */;
			buildPhases = (
				F9857E0285B6AEDE068EA46F /* [CP] Check Pods Manifest.lock */,
				E9A3C29F1ED5FD1500A938CB /* Sources */,
				E9A3C2A01ED5FD1500A938CB /* Frameworks */,
				E9A3C2A11ED5FD1500A938CB /* Resources */,
				5B9F7C4283404FA980F4DA7C /* [CP] Embed Pods Frameworks */,
				2EB43ED78576AD2702BA706E /* [CP] Copy Pods Resources */,
				E9EB06801F3CFA36000545DD /* ShellScript */,
				E9DAECF0203625720073E8D9 /* Embed Frameworks */,
			);
			buildRules = (
			);
			dependencies = (
			);
			name = Sync2;
			productName = Sync2;
			productReference = E9A3C2A31ED5FD1500A938CB /* Sync2.app */;
			productType = "com.apple.product-type.application";
		};
		E9A3C2BB1ED5FD1500A938CB /* Sync2Tests */ = {
			isa = PBXNativeTarget;
			buildConfigurationList = E9A3C2C81ED5FD1500A938CB /* Build configuration list for PBXNativeTarget "Sync2Tests" */;
			buildPhases = (
				7B61590D97B2AAB5C193441C /* [CP] Check Pods Manifest.lock */,
				E9A3C2B81ED5FD1500A938CB /* Sources */,
				E9A3C2B91ED5FD1500A938CB /* Frameworks */,
				E9A3C2BA1ED5FD1500A938CB /* Resources */,
				D28A0CC4E2BA1A26A4433BBE /* [CP] Embed Pods Frameworks */,
				8CEBC234F6CB56CC4AD34C4C /* [CP] Copy Pods Resources */,
			);
			buildRules = (
			);
			dependencies = (
				E9A3C2BE1ED5FD1500A938CB /* PBXTargetDependency */,
			);
			name = Sync2Tests;
			productName = Sync2Tests;
			productReference = E9A3C2BC1ED5FD1500A938CB /* Sync2Tests.xctest */;
			productType = "com.apple.product-type.bundle.unit-test";
		};
/* End PBXNativeTarget section */

/* Begin PBXProject section */
		E9A3C29B1ED5FD1500A938CB /* Project object */ = {
			isa = PBXProject;
			attributes = {
				LastUpgradeCheck = 0830;
				ORGANIZATIONNAME = Sixgill;
				TargetAttributes = {
					E9A3C2A21ED5FD1500A938CB = {
						CreatedOnToolsVersion = 8.3.2;
						DevelopmentTeam = 37M84NL89E;
						ProvisioningStyle = Automatic;
						SystemCapabilities = {
							com.apple.BackgroundModes = {
								enabled = 1;
							};
							com.apple.Push = {
								enabled = 1;
							};
						};
					};
					E9A3C2BB1ED5FD1500A938CB = {
						CreatedOnToolsVersion = 8.3.2;
						DevelopmentTeam = GCKJ3PM88M;
						ProvisioningStyle = Automatic;
						TestTargetID = E9A3C2A21ED5FD1500A938CB;
					};
				};
			};
			buildConfigurationList = E9A3C29E1ED5FD1500A938CB /* Build configuration list for PBXProject "Sync2" */;
			compatibilityVersion = "Xcode 3.2";
			developmentRegion = English;
			hasScannedForEncodings = 0;
			knownRegions = (
				en,
				Base,
			);
			mainGroup = E9A3C29A1ED5FD1500A938CB;
			productRefGroup = E9A3C2A41ED5FD1500A938CB /* Products */;
			projectDirPath = "";
			projectRoot = "";
			targets = (
				E9A3C2A21ED5FD1500A938CB /* Sync2 */,
				E9A3C2BB1ED5FD1500A938CB /* Sync2Tests */,
			);
		};
/* End PBXProject section */

/* Begin PBXResourcesBuildPhase section */
		E9A3C2A11ED5FD1500A938CB /* Resources */ = {
			isa = PBXResourcesBuildPhase;
			buildActionMask = 2147483647;
			files = (
				E9A3C2DD1ED6101100A938CB /* Lato-Italic.ttf in Resources */,
				E9A3C2D71ED6101100A938CB /* Lato-Black.ttf in Resources */,
				E9A3C2D91ED6101100A938CB /* Lato-Bold.ttf in Resources */,
				E9A3C2DE1ED6101100A938CB /* Lato-Light.ttf in Resources */,
				E9A3C2B61ED5FD1500A938CB /* LaunchScreen.storyboard in Resources */,
				E9A3C2D81ED6101100A938CB /* Lato-BlackItalic.ttf in Resources */,
				E9A3C2B31ED5FD1500A938CB /* Assets.xcassets in Resources */,
				E9A3C2DF1ED6101100A938CB /* Lato-LightItalic.ttf in Resources */,
				E9A3C2DC1ED6101100A938CB /* Lato-HairlineItalic.ttf in Resources */,
				E9A3C2DA1ED6101100A938CB /* Lato-BoldItalic.ttf in Resources */,
				E9A3C2E01ED6101100A938CB /* Lato-Regular.ttf in Resources */,
				E9A3C2DB1ED6101100A938CB /* Lato-Hairline.ttf in Resources */,
				E9A3C2B11ED5FD1500A938CB /* Main.storyboard in Resources */,
			);
			runOnlyForDeploymentPostprocessing = 0;
		};
		E9A3C2BA1ED5FD1500A938CB /* Resources */ = {
			isa = PBXResourcesBuildPhase;
			buildActionMask = 2147483647;
			files = (
			);
			runOnlyForDeploymentPostprocessing = 0;
		};
/* End PBXResourcesBuildPhase section */

/* Begin PBXShellScriptBuildPhase section */
		2EB43ED78576AD2702BA706E /* [CP] Copy Pods Resources */ = {
			isa = PBXShellScriptBuildPhase;
			buildActionMask = 2147483647;
			files = (
			);
			inputPaths = (
			);
			name = "[CP] Copy Pods Resources";
			outputPaths = (
			);
			runOnlyForDeploymentPostprocessing = 0;
			shellPath = /bin/sh;
			shellScript = "\"${SRCROOT}/Pods/Target Support Files/Pods-Sync2/Pods-Sync2-resources.sh\"\n";
			showEnvVarsInLog = 0;
		};
		5B9F7C4283404FA980F4DA7C /* [CP] Embed Pods Frameworks */ = {
			isa = PBXShellScriptBuildPhase;
			buildActionMask = 2147483647;
			files = (
			);
			inputPaths = (
			);
			name = "[CP] Embed Pods Frameworks";
			outputPaths = (
			);
			runOnlyForDeploymentPostprocessing = 0;
			shellPath = /bin/sh;
			shellScript = "\"${SRCROOT}/Pods/Target Support Files/Pods-Sync2/Pods-Sync2-frameworks.sh\"\n";
			showEnvVarsInLog = 0;
		};
		7B61590D97B2AAB5C193441C /* [CP] Check Pods Manifest.lock */ = {
			isa = PBXShellScriptBuildPhase;
			buildActionMask = 2147483647;
			files = (
			);
			inputPaths = (
			);
			name = "[CP] Check Pods Manifest.lock";
			outputPaths = (
			);
			runOnlyForDeploymentPostprocessing = 0;
			shellPath = /bin/sh;
			shellScript = "diff \"${PODS_ROOT}/../Podfile.lock\" \"${PODS_ROOT}/Manifest.lock\" > /dev/null\nif [ $? != 0 ] ; then\n    # print error to STDERR\n    echo \"error: The sandbox is not in sync with the Podfile.lock. Run 'pod install' or update your CocoaPods installation.\" >&2\n    exit 1\nfi\n";
			showEnvVarsInLog = 0;
		};
		8CEBC234F6CB56CC4AD34C4C /* [CP] Copy Pods Resources */ = {
			isa = PBXShellScriptBuildPhase;
			buildActionMask = 2147483647;
			files = (
			);
			inputPaths = (
			);
			name = "[CP] Copy Pods Resources";
			outputPaths = (
			);
			runOnlyForDeploymentPostprocessing = 0;
			shellPath = /bin/sh;
			shellScript = "\"${SRCROOT}/Pods/Target Support Files/Pods-Sync2Tests/Pods-Sync2Tests-resources.sh\"\n";
			showEnvVarsInLog = 0;
		};
		D28A0CC4E2BA1A26A4433BBE /* [CP] Embed Pods Frameworks */ = {
			isa = PBXShellScriptBuildPhase;
			buildActionMask = 2147483647;
			files = (
			);
			inputPaths = (
			);
			name = "[CP] Embed Pods Frameworks";
			outputPaths = (
			);
			runOnlyForDeploymentPostprocessing = 0;
			shellPath = /bin/sh;
			shellScript = "\"${SRCROOT}/Pods/Target Support Files/Pods-Sync2Tests/Pods-Sync2Tests-frameworks.sh\"\n";
			showEnvVarsInLog = 0;
		};
		E9EB06801F3CFA36000545DD /* ShellScript */ = {
			isa = PBXShellScriptBuildPhase;
			buildActionMask = 2147483647;
			files = (
			);
			inputPaths = (
			);
			outputPaths = (
			);
			runOnlyForDeploymentPostprocessing = 0;
			shellPath = /bin/sh;
			shellScript = "\"${PODS_ROOT}/Fabric/run\" 36b32d12ac7d92a39a0cd98ce373985136df6461 7f1bf37b2ed2d1394a6a5f72fbf44fef98fa0539fbaa5ce4c2b79547502a6ea1";
		};
		F9857E0285B6AEDE068EA46F /* [CP] Check Pods Manifest.lock */ = {
			isa = PBXShellScriptBuildPhase;
			buildActionMask = 2147483647;
			files = (
			);
			inputPaths = (
			);
			name = "[CP] Check Pods Manifest.lock";
			outputPaths = (
			);
			runOnlyForDeploymentPostprocessing = 0;
			shellPath = /bin/sh;
			shellScript = "diff \"${PODS_ROOT}/../Podfile.lock\" \"${PODS_ROOT}/Manifest.lock\" > /dev/null\nif [ $? != 0 ] ; then\n    # print error to STDERR\n    echo \"error: The sandbox is not in sync with the Podfile.lock. Run 'pod install' or update your CocoaPods installation.\" >&2\n    exit 1\nfi\n";
			showEnvVarsInLog = 0;
		};
/* End PBXShellScriptBuildPhase section */

/* Begin PBXSourcesBuildPhase section */
		E9A3C29F1ED5FD1500A938CB /* Sources */ = {
			isa = PBXSourcesBuildPhase;
			buildActionMask = 2147483647;
			files = (
				E962B3561EF1FDC400ECB920 /* SDKManager.m in Sources */,
				E95F582A1EE61E7B000562FC /* CameraPermissionViewController.m in Sources */,
				E9B76D43200D32580095030C /* RulesTableViewController.m in Sources */,
				E95F58261EE61E57000562FC /* MotionPermissionViewController.m in Sources */,
				E9352481201FD301008D4F19 /* LoginViewController.m in Sources */,
				E90371481EE8B6110033DED0 /* ListTableViewController.m in Sources */,
				E97A204D2023D10900FDB7B2 /* NotificationManager.m in Sources */,
				E9518B572017EFA6001818CC /* DataChannel.m in Sources */,
				E928BB2E20210C1A0002C59E /* Landmark.m in Sources */,
				E943D3EC2012CC0700882D09 /* DummyMapData.m in Sources */,
				E962B34D1EF1F42A00ECB920 /* SwitchCell.m in Sources */,
				E95F58321EE88258000562FC /* SettingsManager.m in Sources */,
				E9A3C2AB1ED5FD1500A938CB /* AppDelegate.m in Sources */,
				E9485EA920194DA800B553E2 /* DummyRulesData.m in Sources */,
				E90371521EE8B7DF0033DED0 /* TestNetworkInterface.m in Sources */,
				E912818B20100B310003072B /* DummyChannelData.m in Sources */,
				E9B76D5B200D4F450095030C /* ProjectSelectionViewController.m in Sources */,
				E9A3C2EB1ED780CC00A938CB /* WelcomeViewController.m in Sources */,
				E95B9DC11F609481007943CA /* TextFieldTableViewCell.m in Sources */,
				E9A3C2A81ED5FD1500A938CB /* main.m in Sources */,
				E9352485201FF050008D4F19 /* SGToken.m in Sources */,
				E98430BC20169E5A00F11887 /* MapSettingsTableViewController.m in Sources */,
				E9518B64201802F9001818CC /* TextNotification.m in Sources */,
				E9352479201FC9FE008D4F19 /* SetupInfoViewController.m in Sources */,
				E9CCF4C81EF1E78200BF96C6 /* QRCodeReaderViewController.m in Sources */,
				E966682B20082743006911C3 /* MasterTabViewController.m in Sources */,
				E9F0A29420240B41007B7711 /* APIKey.m in Sources */,
				E9CCF4C61EF1E78200BF96C6 /* QRCodeReader.m in Sources */,
				E9B76D47200D35BB0095030C /* LogDayTableViewController.m in Sources */,
				E9B76D4F200D4E580095030C /* SettingsTableViewController.m in Sources */,
				E9518B5F2018026B001818CC /* DummyNotificationData.m in Sources */,
				E9CCF4C71EF1E78200BF96C6 /* QRCodeReaderView.m in Sources */,
				E9A3C2FA1EDBA08500A938CB /* AccountsTableViewController.m in Sources */,
				E903714C1EE8B6E10033DED0 /* NetworkManager.m in Sources */,
				E95F582E1EE61EA3000562FC /* PushPermissionViewController.m in Sources */,
				E9B76D4B200D37B90095030C /* RuleDetailTableViewController.m in Sources */,
				E9CCF4C51EF1E78200BF96C6 /* QRCameraSwitchButton.m in Sources */,
				E9128187201008BA0003072B /* SenseAPI.m in Sources */,
				E9128183200FDD1F0003072B /* TextViewTableViewCell.m in Sources */,
				E90371401EE89ABE0033DED0 /* AccountDetailTableViewController.m in Sources */,
				E90371441EE89B1E0033DED0 /* Account.m in Sources */,
				E943D3E82012C27800882D09 /* DummyProjectData.m in Sources */,
				E9518B542017EF9E001818CC /* Project.m in Sources */,
				E9B76D3B200D31940095030C /* MapViewController.m in Sources */,
				E9D0A3671F3258CA00E7776C /* MapMarkerViewController.m in Sources */,
				E9CCF4C91EF1E78200BF96C6 /* QRToggleTorchButton.m in Sources */,
				E9485EAD20194DB600B553E2 /* Rule.m in Sources */,
				E93C3F0A1EDDEEE300F27619 /* LocationPermissionViewController.m in Sources */,
				E93C3F061EDDE9EC00F27619 /* PermissionPageController.m in Sources */,
				E9B76D3F200D31E30095030C /* NotificationsTableViewController.m in Sources */,
				E9518B5B2017F0C8001818CC /* DummySettingsData.m in Sources */,
				E962B3511EF1FB2600ECB920 /* LogViewController.m in Sources */,
				E9B76D5F200D4F5F0095030C /* DataChannelSelectionViewController.m in Sources */,
			);
			runOnlyForDeploymentPostprocessing = 0;
		};
		E9A3C2B81ED5FD1500A938CB /* Sources */ = {
			isa = PBXSourcesBuildPhase;
			buildActionMask = 2147483647;
			files = (
				E9A3C2C11ED5FD1500A938CB /* Sync2Tests.m in Sources */,
			);
			runOnlyForDeploymentPostprocessing = 0;
		};
/* End PBXSourcesBuildPhase section */

/* Begin PBXTargetDependency section */
		E9A3C2BE1ED5FD1500A938CB /* PBXTargetDependency */ = {
			isa = PBXTargetDependency;
			target = E9A3C2A21ED5FD1500A938CB /* Sync2 */;
			targetProxy = E9A3C2BD1ED5FD1500A938CB /* PBXContainerItemProxy */;
		};
/* End PBXTargetDependency section */

/* Begin PBXVariantGroup section */
		E9A3C2AF1ED5FD1500A938CB /* Main.storyboard */ = {
			isa = PBXVariantGroup;
			children = (
				E9A3C2B01ED5FD1500A938CB /* Base */,
			);
			name = Main.storyboard;
			sourceTree = "<group>";
		};
		E9A3C2B41ED5FD1500A938CB /* LaunchScreen.storyboard */ = {
			isa = PBXVariantGroup;
			children = (
				E9A3C2B51ED5FD1500A938CB /* Base */,
			);
			name = LaunchScreen.storyboard;
			sourceTree = "<group>";
		};
/* End PBXVariantGroup section */

/* Begin XCBuildConfiguration section */
		E9A3C2C31ED5FD1500A938CB /* Debug */ = {
			isa = XCBuildConfiguration;
			buildSettings = {
				ALWAYS_SEARCH_USER_PATHS = NO;
				CLANG_ANALYZER_NONNULL = YES;
				CLANG_ANALYZER_NUMBER_OBJECT_CONVERSION = YES_AGGRESSIVE;
				CLANG_CXX_LANGUAGE_STANDARD = "gnu++0x";
				CLANG_CXX_LIBRARY = "libc++";
				CLANG_ENABLE_MODULES = YES;
				CLANG_ENABLE_OBJC_ARC = YES;
				CLANG_WARN_BOOL_CONVERSION = YES;
				CLANG_WARN_CONSTANT_CONVERSION = YES;
				CLANG_WARN_DIRECT_OBJC_ISA_USAGE = YES_ERROR;
				CLANG_WARN_DOCUMENTATION_COMMENTS = YES;
				CLANG_WARN_EMPTY_BODY = YES;
				CLANG_WARN_ENUM_CONVERSION = YES;
				CLANG_WARN_INFINITE_RECURSION = YES;
				CLANG_WARN_INT_CONVERSION = YES;
				CLANG_WARN_OBJC_ROOT_CLASS = YES_ERROR;
				CLANG_WARN_SUSPICIOUS_MOVE = YES;
				CLANG_WARN_UNREACHABLE_CODE = YES;
				CLANG_WARN__DUPLICATE_METHOD_MATCH = YES;
				"CODE_SIGN_IDENTITY[sdk=iphoneos*]" = "iPhone Developer";
				COPY_PHASE_STRIP = NO;
				DEBUG_INFORMATION_FORMAT = "dwarf-with-dsym";
				ENABLE_BITCODE = NO;
				ENABLE_STRICT_OBJC_MSGSEND = YES;
				ENABLE_TESTABILITY = YES;
				GCC_C_LANGUAGE_STANDARD = gnu99;
				GCC_DYNAMIC_NO_PIC = NO;
				GCC_NO_COMMON_BLOCKS = YES;
				GCC_OPTIMIZATION_LEVEL = 0;
				GCC_PREPROCESSOR_DEFINITIONS = (
					"DEBUG=1",
					"$(inherited)",
				);
				GCC_WARN_64_TO_32_BIT_CONVERSION = YES;
				GCC_WARN_ABOUT_RETURN_TYPE = YES_ERROR;
				GCC_WARN_UNDECLARED_SELECTOR = YES;
				GCC_WARN_UNINITIALIZED_AUTOS = YES_AGGRESSIVE;
				GCC_WARN_UNUSED_FUNCTION = YES;
				GCC_WARN_UNUSED_VARIABLE = YES;
				IPHONEOS_DEPLOYMENT_TARGET = 10.3;
				MTL_ENABLE_DEBUG_INFO = YES;
				ONLY_ACTIVE_ARCH = YES;
				SDKROOT = iphoneos;
				TARGETED_DEVICE_FAMILY = "1,2";
			};
			name = Debug;
		};
		E9A3C2C41ED5FD1500A938CB /* Release */ = {
			isa = XCBuildConfiguration;
			buildSettings = {
				ALWAYS_SEARCH_USER_PATHS = NO;
				CLANG_ANALYZER_NONNULL = YES;
				CLANG_ANALYZER_NUMBER_OBJECT_CONVERSION = YES_AGGRESSIVE;
				CLANG_CXX_LANGUAGE_STANDARD = "gnu++0x";
				CLANG_CXX_LIBRARY = "libc++";
				CLANG_ENABLE_MODULES = YES;
				CLANG_ENABLE_OBJC_ARC = YES;
				CLANG_WARN_BOOL_CONVERSION = YES;
				CLANG_WARN_CONSTANT_CONVERSION = YES;
				CLANG_WARN_DIRECT_OBJC_ISA_USAGE = YES_ERROR;
				CLANG_WARN_DOCUMENTATION_COMMENTS = YES;
				CLANG_WARN_EMPTY_BODY = YES;
				CLANG_WARN_ENUM_CONVERSION = YES;
				CLANG_WARN_INFINITE_RECURSION = YES;
				CLANG_WARN_INT_CONVERSION = YES;
				CLANG_WARN_OBJC_ROOT_CLASS = YES_ERROR;
				CLANG_WARN_SUSPICIOUS_MOVE = YES;
				CLANG_WARN_UNREACHABLE_CODE = YES;
				CLANG_WARN__DUPLICATE_METHOD_MATCH = YES;
				"CODE_SIGN_IDENTITY[sdk=iphoneos*]" = "iPhone Developer";
				COPY_PHASE_STRIP = NO;
				DEBUG_INFORMATION_FORMAT = "dwarf-with-dsym";
				ENABLE_BITCODE = NO;
				ENABLE_NS_ASSERTIONS = NO;
				ENABLE_STRICT_OBJC_MSGSEND = YES;
				GCC_C_LANGUAGE_STANDARD = gnu99;
				GCC_NO_COMMON_BLOCKS = YES;
				GCC_WARN_64_TO_32_BIT_CONVERSION = YES;
				GCC_WARN_ABOUT_RETURN_TYPE = YES_ERROR;
				GCC_WARN_UNDECLARED_SELECTOR = YES;
				GCC_WARN_UNINITIALIZED_AUTOS = YES_AGGRESSIVE;
				GCC_WARN_UNUSED_FUNCTION = YES;
				GCC_WARN_UNUSED_VARIABLE = YES;
				IPHONEOS_DEPLOYMENT_TARGET = 10.3;
				MTL_ENABLE_DEBUG_INFO = NO;
				SDKROOT = iphoneos;
				TARGETED_DEVICE_FAMILY = "1,2";
				VALIDATE_PRODUCT = YES;
			};
			name = Release;
		};
		E9A3C2C61ED5FD1500A938CB /* Debug */ = {
			isa = XCBuildConfiguration;
			baseConfigurationReference = E6011B6B43DBF0AC7C6C0493 /* Pods-Sync2.debug.xcconfig */;
			buildSettings = {
				ASSETCATALOG_COMPILER_APPICON_NAME = AppIcon;
				CODE_SIGN_ENTITLEMENTS = Sync2/Sync2.entitlements;
				DEBUG_INFORMATION_FORMAT = "dwarf-with-dsym";
				DEVELOPMENT_TEAM = 37M84NL89E;
				FRAMEWORK_SEARCH_PATHS = (
					"$(inherited)",
					"$(PROJECT_DIR)/Sync2",
					"$(PROJECT_DIR)",
				);
				INFOPLIST_FILE = Sync2/Info.plist;
				IPHONEOS_DEPLOYMENT_TARGET = 9;
				LD_RUNPATH_SEARCH_PATHS = "$(inherited) @executable_path/Frameworks";
				ONLY_ACTIVE_ARCH = YES;
				PRODUCT_BUNDLE_IDENTIFIER = com.sixgill.sync;
				PRODUCT_NAME = "$(TARGET_NAME)";
				TARGETED_DEVICE_FAMILY = 1;
			};
			name = Debug;
		};
		E9A3C2C71ED5FD1500A938CB /* Release */ = {
			isa = XCBuildConfiguration;
			baseConfigurationReference = EB092CDF563232A27A3F7613 /* Pods-Sync2.release.xcconfig */;
			buildSettings = {
				ASSETCATALOG_COMPILER_APPICON_NAME = AppIcon;
				CODE_SIGN_ENTITLEMENTS = Sync2/Sync2.entitlements;
				DEBUG_INFORMATION_FORMAT = "dwarf-with-dsym";
				DEVELOPMENT_TEAM = 37M84NL89E;
				FRAMEWORK_SEARCH_PATHS = (
					"$(inherited)",
					"$(PROJECT_DIR)/Sync2",
					"$(PROJECT_DIR)",
				);
				INFOPLIST_FILE = Sync2/Info.plist;
				IPHONEOS_DEPLOYMENT_TARGET = 9;
				LD_RUNPATH_SEARCH_PATHS = "$(inherited) @executable_path/Frameworks";
				ONLY_ACTIVE_ARCH = YES;
				PRODUCT_BUNDLE_IDENTIFIER = com.sixgill.sync;
				PRODUCT_NAME = "$(TARGET_NAME)";
				TARGETED_DEVICE_FAMILY = 1;
			};
			name = Release;
		};
		E9A3C2C91ED5FD1500A938CB /* Debug */ = {
			isa = XCBuildConfiguration;
			baseConfigurationReference = 1DA5955D2EF0589B2AC4F739 /* Pods-Sync2Tests.debug.xcconfig */;
			buildSettings = {
				BUNDLE_LOADER = "$(TEST_HOST)";
				DEVELOPMENT_TEAM = GCKJ3PM88M;
				INFOPLIST_FILE = Sync2Tests/Info.plist;
				LD_RUNPATH_SEARCH_PATHS = "$(inherited) @executable_path/Frameworks @loader_path/Frameworks";
				PRODUCT_BUNDLE_IDENTIFIER = Sixgill.Sync2Tests;
				PRODUCT_NAME = "$(TARGET_NAME)";
				TEST_HOST = "$(BUILT_PRODUCTS_DIR)/Sync2.app/Sync2";
			};
			name = Debug;
		};
		E9A3C2CA1ED5FD1500A938CB /* Release */ = {
			isa = XCBuildConfiguration;
			baseConfigurationReference = 2DB0C3E88E97E1E5750C48B5 /* Pods-Sync2Tests.release.xcconfig */;
			buildSettings = {
				BUNDLE_LOADER = "$(TEST_HOST)";
				DEVELOPMENT_TEAM = GCKJ3PM88M;
				INFOPLIST_FILE = Sync2Tests/Info.plist;
				LD_RUNPATH_SEARCH_PATHS = "$(inherited) @executable_path/Frameworks @loader_path/Frameworks";
				PRODUCT_BUNDLE_IDENTIFIER = Sixgill.Sync2Tests;
				PRODUCT_NAME = "$(TARGET_NAME)";
				TEST_HOST = "$(BUILT_PRODUCTS_DIR)/Sync2.app/Sync2";
			};
			name = Release;
		};
/* End XCBuildConfiguration section */

/* Begin XCConfigurationList section */
		E9A3C29E1ED5FD1500A938CB /* Build configuration list for PBXProject "Sync2" */ = {
			isa = XCConfigurationList;
			buildConfigurations = (
				E9A3C2C31ED5FD1500A938CB /* Debug */,
				E9A3C2C41ED5FD1500A938CB /* Release */,
			);
			defaultConfigurationIsVisible = 0;
			defaultConfigurationName = Release;
		};
		E9A3C2C51ED5FD1500A938CB /* Build configuration list for PBXNativeTarget "Sync2" */ = {
			isa = XCConfigurationList;
			buildConfigurations = (
				E9A3C2C61ED5FD1500A938CB /* Debug */,
				E9A3C2C71ED5FD1500A938CB /* Release */,
			);
			defaultConfigurationIsVisible = 0;
			defaultConfigurationName = Release;
		};
		E9A3C2C81ED5FD1500A938CB /* Build configuration list for PBXNativeTarget "Sync2Tests" */ = {
			isa = XCConfigurationList;
			buildConfigurations = (
				E9A3C2C91ED5FD1500A938CB /* Debug */,
				E9A3C2CA1ED5FD1500A938CB /* Release */,
			);
			defaultConfigurationIsVisible = 0;
			defaultConfigurationName = Release;
		};
/* End XCConfigurationList section */
	};
	rootObject = E9A3C29B1ED5FD1500A938CB /* Project object */;
}
